// !$*UTF8*$!
{
	archiveVersion = 1;
	classes = {
	};
	objectVersion = 52;
	objects = {

/* Begin PBXBuildFile section */
		0082E05450AA46CB8AAF15D0 /* CDVInAppBrowserOptions.m in Sources */ = {isa = PBXBuildFile; fileRef = 885981FA554F481E97A0D1E9 /* CDVInAppBrowserOptions.m */; };
		0091F588F76447789767DF96 /* SignInWithApple.h in Sources */ = {isa = PBXBuildFile; fileRef = 7FC1DFD24CDC4B9A91CEF4C5 /* SignInWithApple.h */; };
		0151DF0137E84B74B1C7C87C /* SocialSharing.m in Sources */ = {isa = PBXBuildFile; fileRef = E555CD447DCD4D9EBF10B89E /* SocialSharing.m */; };
		0207DA581B56EA530066E2B4 /* Images.xcassets in Resources */ = {isa = PBXBuildFile; fileRef = 0207DA571B56EA530066E2B4 /* Images.xcassets */; };
		030A97230C494EE6BD62B0A4 /* CDVInAppBrowserNavigationController.m in Sources */ = {isa = PBXBuildFile; fileRef = 524D6ACF020E4659B6B60870 /* CDVInAppBrowserNavigationController.m */; };
		09790F15157E41ADB4E3857C /* AppDelegate+CleverTapPlugin.m in Sources */ = {isa = PBXBuildFile; fileRef = 91031B48CED2460196161A07 /* AppDelegate+CleverTapPlugin.m */; };
		0F88B6DC007542A2A536E386 /* CDVWKWebViewUIDelegate.m in Sources */ = {isa = PBXBuildFile; fileRef = 05FEBFE600E743F49999B5CB /* CDVWKWebViewUIDelegate.m */; };
		15D289FBFC064E3A8A276503 /* IONAssetHandler.m in Sources */ = {isa = PBXBuildFile; fileRef = 3B4DADEEB20C43228EE029AB /* IONAssetHandler.m */; };
		1BF3D2F7C00447D1A590799A /* CoreText.framework in Frameworks */ = {isa = PBXBuildFile; fileRef = AA8A9E4B63124D0B88A442E4 /* CoreText.framework */; settings = {ATTRIBUTES = (Weak, ); }; };
		1D3623260D0F684500981E51 /* AppDelegate.m in Sources */ = {isa = PBXBuildFile; fileRef = 1D3623250D0F684500981E51 /* AppDelegate.m */; };
		1D60589B0D05DD56006BFB54 /* main.m in Sources */ = {isa = PBXBuildFile; fileRef = 29B97316FDCFA39411CA2CEA /* main.m */; };
		1EDE453C089D44629886CA63 /* SpeechRecognition.m in Sources */ = {isa = PBXBuildFile; fileRef = 59777956A6454C81B9D0564C /* SpeechRecognition.m */; };
		1F364C57B8A044689B397FF1 /* CDVConnection.m in Sources */ = {isa = PBXBuildFile; fileRef = 0045B4123D924DBF840C6F0D /* CDVConnection.m */; };
		1FEB4D7FC3404C82A0131C44 /* CDVSplashScreen.m in Sources */ = {isa = PBXBuildFile; fileRef = 34BF92CABB214A8492FDDA84 /* CDVSplashScreen.m */; };
		215753ED370940B1BE0FDAC3 /* CoreData.framework in Frameworks */ = {isa = PBXBuildFile; fileRef = 20C36DA9C47A4D4791AEB099 /* CoreData.framework */; };
		21CE5630D480418BA045531D /* BranchSDK.m in Sources */ = {isa = PBXBuildFile; fileRef = 513B7F49032947AE93C7416B /* BranchSDK.m */; };
		22D59DC2559D4B2FA2C57C3D /* QuartzCore.framework in Frameworks */ = {isa = PBXBuildFile; fileRef = 608D105A367448878BBFC8C3 /* QuartzCore.framework */; };
		25A3EBA965B14EC7B83D9B23 /* FreshchatPlugin.m in Sources */ = {isa = PBXBuildFile; fileRef = 89C9086BEB3A4BDE8812BD78 /* FreshchatPlugin.m */; };
		29A7302675BF43709DA22C49 /* CDVLocalFilesystem.m in Sources */ = {isa = PBXBuildFile; fileRef = CA2C367EC21F4CD58EA0986F /* CDVLocalFilesystem.m */; };
		2DBA3D4CCD49473192A363D4 /* NativeStorage.m in Sources */ = {isa = PBXBuildFile; fileRef = 921F3D4049B545A7AAD29A01 /* NativeStorage.m */; };
		2F383457B7D142029A85D182 /* mute.caf in Resources */ = {isa = PBXBuildFile; fileRef = AE2DDB89279C4B148D21B6EA /* mute.caf */; };
		301BF552109A68D80062928A /* libCordova.a in Frameworks */ = {isa = PBXBuildFile; fileRef = 301BF535109A57CC0062928A /* libCordova.a */; settings = {ATTRIBUTES = (Required, ); }; };
		302D95F114D2391D003F00A1 /* MainViewController.m in Sources */ = {isa = PBXBuildFile; fileRef = 302D95EF14D2391D003F00A1 /* MainViewController.m */; };
		302D95F214D2391D003F00A1 /* MainViewController.xib in Resources */ = {isa = PBXBuildFile; fileRef = 302D95F014D2391D003F00A1 /* MainViewController.xib */; };
		329818BBDF5F48E3BC30C02E /* RMStore.m in Sources */ = {isa = PBXBuildFile; fileRef = E0724A2D9FB448319869027B /* RMStore.m */; };
		3B9B059779E044BCBCDC1085 /* Security.framework in Frameworks */ = {isa = PBXBuildFile; fileRef = 228DF2C6B1CE4E8BA9146921 /* Security.framework */; };
		3E0697955B214B7FBDCBCBAE /* CDVDevice.m in Sources */ = {isa = PBXBuildFile; fileRef = C9DE0B3FC6F2414E901C03FE /* CDVDevice.m */; };
		40C9C2E3927B4FFB838AFA78 /* CDVAppRate.m in Sources */ = {isa = PBXBuildFile; fileRef = 90B39B7E18FB452D90C6F64B /* CDVAppRate.m */; };
		4125619102E141CFB1828CEF /* CustomPSPDFThreadSafeMutableDictionary.m in Sources */ = {isa = PBXBuildFile; fileRef = 7D55C072A6A2435CB68C4E56 /* CustomPSPDFThreadSafeMutableDictionary.m */; settings = {COMPILER_FLAGS = "-w"; }; };
		41DE46C15D2C4361AEB6DDC1 /* AVFoundation.framework in Frameworks */ = {isa = PBXBuildFile; fileRef = FE0DBCA2DF914285B992782E /* AVFoundation.framework */; };
		45ECA8CFD26649529A6E21C7 /* QRScanner.swift in Sources */ = {isa = PBXBuildFile; fileRef = 5958C6611E164A979071BA5B /* QRScanner.swift */; };
		4BA604FAE23E45899FF7E27B /* CoreMedia.framework in Frameworks */ = {isa = PBXBuildFile; fileRef = 57657714927C4F2BA227B011 /* CoreMedia.framework */; };
		536BB6F51273446C97574CD7 /* CDVWKProcessPoolFactory.m in Sources */ = {isa = PBXBuildFile; fileRef = C1A298B48E304128959DE7C0 /* CDVWKProcessPoolFactory.m */; };
		57A89EA97B464F2989FB0DF1 /* AppVersion.m in Sources */ = {isa = PBXBuildFile; fileRef = 1A7D91FFF2204DCCA0FDD68E /* AppVersion.m */; };
		6085E888A43D47DE8874DD23 /* Photos.framework in Frameworks */ = {isa = PBXBuildFile; fileRef = 3CC4BEA1F9A44F12B22D2C74 /* Photos.framework */; };
		657475BBD091496C8E44FFE0 /* SM_AFURLRequestSerialization.m in Sources */ = {isa = PBXBuildFile; fileRef = AD53CB400E414A73A6EE8EE2 /* SM_AFURLRequestSerialization.m */; };
		6585005CCDC442A0ABDC00E3 /* CleverTapPlugin.m in Sources */ = {isa = PBXBuildFile; fileRef = 0DAEA5EADBB94A6EB4DCB272 /* CleverTapPlugin.m */; };
		66FFFA6582F8447A95E7D305 /* BinaryRequestSerializer.m in Sources */ = {isa = PBXBuildFile; fileRef = 10B331ADDDF448FEB7C67E24 /* BinaryRequestSerializer.m */; };
		6AFF5BF91D6E424B00AB3073 /* CDVLaunchScreen.storyboard in Resources */ = {isa = PBXBuildFile; fileRef = 6AFF5BF81D6E424B00AB3073 /* CDVLaunchScreen.storyboard */; };
		6C4A050EDC9149B78A1C73CB /* CordovaHttpPlugin.m in Sources */ = {isa = PBXBuildFile; fileRef = 23C48891186742C2BD7D9E68 /* CordovaHttpPlugin.m */; };
		6EC10C80B51E4DC7BF03DCCD /* PaymentsPlugin.m in Sources */ = {isa = PBXBuildFile; fileRef = 48BBA54142CA4EB497DAF8D5 /* PaymentsPlugin.m */; };
		6EFA38458CE0423FBAC2A254 /* SQLitePlugin.m in Sources */ = {isa = PBXBuildFile; fileRef = 9330C7C5AD6B41B0957FB330 /* SQLitePlugin.m */; };
		7032462A7D6E955DAD383908 /* Pods_CardioVisual.framework in Frameworks */ = {isa = PBXBuildFile; fileRef = E42D39DCB6D517D49ABD687B /* Pods_CardioVisual.framework */; };
		7671E298F805412CA2EFC414 /* CDVOrientation.m in Sources */ = {isa = PBXBuildFile; fileRef = 7587D37EEA50402AAB11C22D /* CDVOrientation.m */; };
		78E4FE87A83546728AE7965D /* SM_AFURLResponseSerialization.m in Sources */ = {isa = PBXBuildFile; fileRef = 7512A704AAC2467F8BC0FEEA /* SM_AFURLResponseSerialization.m */; };
		7AC3EB49FB8E4079AB91E8BB /* CDVAssetLibraryFilesystem.m in Sources */ = {isa = PBXBuildFile; fileRef = C2039FB9376E474E80124F10 /* CDVAssetLibraryFilesystem.m */; };
		7C0F7370ACE24366B52CD90B /* Toast+UIView.m in Sources */ = {isa = PBXBuildFile; fileRef = 347F90659E3846A491BFAE8D /* Toast+UIView.m */; };
		826B016B4C4A4A309C6133D2 /* GooglePlus.m in Sources */ = {isa = PBXBuildFile; fileRef = 2478CF1CFFA5491B9D60D980 /* GooglePlus.m */; };
		848B44677C7E4B0AB993B554 /* Base64ToGallery.m in Sources */ = {isa = PBXBuildFile; fileRef = 76C6947A52D44B30854AC29A /* Base64ToGallery.m */; settings = {COMPILER_FLAGS = "-fno-objc-arc"; }; };
		883E7D5DFD8945ECA90F55BE /* Foundation.framework in Frameworks */ = {isa = PBXBuildFile; fileRef = 16BDF03C7B0249FFA7602C33 /* Foundation.framework */; };
		88E3AD6EC1BB45968420F875 /* CDVIonicKeyboard.m in Sources */ = {isa = PBXBuildFile; fileRef = 3E541B40524D4C95AD2882AC /* CDVIonicKeyboard.m */; };
		89CA585FB12841E491F093BB /* SM_AFHTTPSessionManager.m in Sources */ = {isa = PBXBuildFile; fileRef = 5E1BD937CA364C169978E4A6 /* SM_AFHTTPSessionManager.m */; };
		8D018BC5A5314733A2E725B6 /* CDVFileTransfer.m in Sources */ = {isa = PBXBuildFile; fileRef = A49FB7CC391B4170A754E917 /* CDVFileTransfer.m */; };
		8F6093F8938345E19AC4C319 /* TextRequestSerializer.m in Sources */ = {isa = PBXBuildFile; fileRef = 969C6F7D05614DFBB136D8DE /* TextRequestSerializer.m */; };
		90F470033FED450E9F0A5A03 /* SM_AFSecurityPolicy.m in Sources */ = {isa = PBXBuildFile; fileRef = 0BC02DAE6B914F3EBE27DFF7 /* SM_AFSecurityPolicy.m */; };
		917CEFC1BED9453DAEF236E7 /* CDVWKInAppBrowserUIDelegate.m in Sources */ = {isa = PBXBuildFile; fileRef = 0DA910920132467188B1F4AC /* CDVWKInAppBrowserUIDelegate.m */; };
		922B4377646043D5A49EA257 /* CDVStatusBar.m in Sources */ = {isa = PBXBuildFile; fileRef = 5FA8D7F0AACD48D0B1C1BD72 /* CDVStatusBar.m */; };
		93A095766EDB4781938569A3 /* CDVSilentModePlugin.m in Sources */ = {isa = PBXBuildFile; fileRef = 985E4F1BB80B432CB5AC1FFB /* CDVSilentModePlugin.m */; };
		95D1A331F53A42CC82B92F1B /* ImageIO.framework in Frameworks */ = {isa = PBXBuildFile; fileRef = 5083F0BD36BC4EC98EC46D44 /* ImageIO.framework */; };
		99CF540EB0C241FAAE36C6DA /* SignInWithApple.m in Sources */ = {isa = PBXBuildFile; fileRef = 7EFF140FE85941D9ADE40D3B /* SignInWithApple.m */; };
		9CC3F673E6D84A9588137552 /* Speech.framework in Frameworks */ = {isa = PBXBuildFile; fileRef = 22AB1298781F41509CB17068 /* Speech.framework */; };
		9E687FD37F88407DB2920818 /* SM_AFNetworkReachabilityManager.m in Sources */ = {isa = PBXBuildFile; fileRef = 9979F0979F5D424582080DC7 /* SM_AFNetworkReachabilityManager.m */; };
		9F58FCE76FEF4D4EAC07C1C1 /* FacebookConnectPlugin.m in Sources */ = {isa = PBXBuildFile; fileRef = A8B10E814F21487BB820BDA4 /* FacebookConnectPlugin.m */; };
		A236263D7CDC4E5BA7A1DBD2 /* AppDelegate+BranchSdk.m in Sources */ = {isa = PBXBuildFile; fileRef = 149C95D81DE042F5ABC77E23 /* AppDelegate+BranchSdk.m */; };
		A5FA574C5184413CB32CD6AC /* SDNetworkActivityIndicator.m in Sources */ = {isa = PBXBuildFile; fileRef = 44B20333624041B48590D3F2 /* SDNetworkActivityIndicator.m */; };
		A93672019DFB414DA726330A /* SM_AFURLSessionManager.m in Sources */ = {isa = PBXBuildFile; fileRef = F33E9964075E430CB3E851FF /* SM_AFURLSessionManager.m */; };
		A97789EA26EA48D5BEF25208 /* Toast.m in Sources */ = {isa = PBXBuildFile; fileRef = 8AB5933BD312419384C98B99 /* Toast.m */; };
		AA6CA935E9304AE1BE60D101 /* AdSupport.framework in Frameworks */ = {isa = PBXBuildFile; fileRef = 1E36DAECCCEA41349C90A0F3 /* AdSupport.framework */; };
		AC39468EAAE14FB3BCCA08DA /* CDVNotification.bundle in Resources */ = {isa = PBXBuildFile; fileRef = 73DD4EA4D39249818ED32C2F /* CDVNotification.bundle */; };
		B0BF0FE5AFE44ED49F25FAD6 /* BinaryResponseSerializer.m in Sources */ = {isa = PBXBuildFile; fileRef = D1EFCD6FBA9B48A280583C7A /* BinaryResponseSerializer.m */; };
		B5E55C0BAB284C72AD6B5DB0 /* CDVSpinnerDialog.m in Sources */ = {isa = PBXBuildFile; fileRef = 459E53085379476497974831 /* CDVSpinnerDialog.m */; };
		B8BDC71481C348C9B2811136 /* CFCallNumber.m in Sources */ = {isa = PBXBuildFile; fileRef = 1882A20985914A55B035D86A /* CFCallNumber.m */; };
		BC34050AE6684676AC4CA5C2 /* CDVNotification.m in Sources */ = {isa = PBXBuildFile; fileRef = 3168065D5D4C49C48005A08F /* CDVNotification.m */; };
		BC8D8A83675E4E79BD3E0808 /* MessageUI.framework in Frameworks */ = {isa = PBXBuildFile; fileRef = CF67409A816B4935B555E3CA /* MessageUI.framework */; settings = {ATTRIBUTES = (Weak, ); }; };
		BCFBBF72DB4B4A00996C1C00 /* SafariServices.framework in Frameworks */ = {isa = PBXBuildFile; fileRef = 2B61952FE7BE45F599614D78 /* SafariServices.framework */; settings = {ATTRIBUTES = (Weak, ); }; };
		C23A23A5BA304DB49AABCFC7 /* AuthenticationServices.framework in Frameworks */ = {isa = PBXBuildFile; fileRef = F7DA3008AE4C4DE4BD18AF91 /* AuthenticationServices.framework */; };
		C5AE67A09C644C4CA71E03D8 /* CDVWKInAppBrowser.m in Sources */ = {isa = PBXBuildFile; fileRef = AF18E99ED76744DF9E83E90E /* CDVWKInAppBrowser.m */; };
		C66BAE9547064B6EB1027E0A /* NSString+SSURLEncoding.m in Sources */ = {isa = PBXBuildFile; fileRef = C69BB2A72164423EB6FC5FA2 /* NSString+SSURLEncoding.m */; };
		CC210DBC08A8488FBE74CF1B /* TextResponseSerializer.m in Sources */ = {isa = PBXBuildFile; fileRef = 7052DD57282B4C42B4C618B9 /* TextResponseSerializer.m */; };
		CC2570C3978748AD9939DAF3 /* libz.tbd in Frameworks */ = {isa = PBXBuildFile; fileRef = A00A2A7ED7CA45B9BC1AC04D /* libz.tbd */; settings = {ATTRIBUTES = (Weak, ); }; };
		CDEC7631EDD3485697F69F79 /* sqlite3.c in Sources */ = {isa = PBXBuildFile; fileRef = 1A6CD9A8871C4D1FB5A8AC87 /* sqlite3.c */; settings = {COMPILER_FLAGS = "-w -DSQLITE_THREADSAFE=1 -DSQLITE_DEFAULT_SYNCHRONOUS=3 -DSQLITE_DEFAULT_MEMSTATUS=0 -DSQLITE_OMIT_DECLTYPE -DSQLITE_OMIT_DEPRECATED -DSQLITE_OMIT_PROGRESS_CALLBACK -DSQLITE_OMIT_SHARED_CACHE -DSQLITE_TEMP_STORE=2 -DSQLITE_OMIT_LOAD_EXTENSION -DSQLITE_ENABLE_FTS3 -DSQLITE_ENABLE_FTS3_PARENTHESIS -DSQLITE_ENABLE_FTS4 -DSQLITE_ENABLE_RTREE -DSQLITE_DEFAULT_PAGE_SIZE=4096"; }; };
		D1216450F3234771B15FCFAC /* SharkfoodMuteSwitchDetector.m in Sources */ = {isa = PBXBuildFile; fileRef = AF87CE73EC874DFBBDC66B54 /* SharkfoodMuteSwitchDetector.m */; };
		D2D0161C3FF84422B8FA7BEA /* WebKit.framework in Frameworks */ = {isa = PBXBuildFile; fileRef = 6C3E07DF44A64334AC5F4E0D /* WebKit.framework */; settings = {ATTRIBUTES = (Weak, ); }; };
		D8009D1F1AB0443992099840 /* StoreKit.framework in Frameworks */ = {isa = PBXBuildFile; fileRef = A023541F11DD4BD0864BB311 /* StoreKit.framework */; };
		DA86026B71894FC7B0B853E8 /* CDVWKWebViewEngine.m in Sources */ = {isa = PBXBuildFile; fileRef = CE040D3FB6EC42B2ABE471C5 /* CDVWKWebViewEngine.m */; };
		E0ECB29A0CC9402DBAF24651 /* Social.framework in Frameworks */ = {isa = PBXBuildFile; fileRef = F2FA2FAA46354C29A6A27AD0 /* Social.framework */; settings = {ATTRIBUTES = (Weak, ); }; };
		E1860B85326B41C08541EC47 /* CDVViewController+SplashScreen.m in Sources */ = {isa = PBXBuildFile; fileRef = FA84BB2124144BF1BB4BE44F /* CDVViewController+SplashScreen.m */; };
		E7FFA67FACC8474E87300B72 /* OneSignalPush.m in Sources */ = {isa = PBXBuildFile; fileRef = 3D0A4DC6A905449AB9CDF3EC /* OneSignalPush.m */; };
		E8284C3567BB437DA0C96447 /* SystemConfiguration.framework in Frameworks */ = {isa = PBXBuildFile; fileRef = 3FCF5792AFB948D299716FB0 /* SystemConfiguration.framework */; };
		ECC56F0CEAF44ED38D5ACFCB /* AudioToolbox.framework in Frameworks */ = {isa = PBXBuildFile; fileRef = 7456F5DBEFA6406380B58F88 /* AudioToolbox.framework */; settings = {ATTRIBUTES = (Weak, ); }; };
		F2E568B625CA4D54B88FE42F /* libz.dylib in Frameworks */ = {isa = PBXBuildFile; fileRef = 9545B920341644699C358E22 /* libz.dylib */; settings = {ATTRIBUTES = (Weak, ); }; };
		F89022B1FD1B484BBA5B7A9D /* CDVFile.m in Sources */ = {isa = PBXBuildFile; fileRef = B75158CEBC9C462EAE213D94 /* CDVFile.m */; };
		FBE188ABEC5E42FE8CF43BC4 /* CoreTelephony.framework in Frameworks */ = {isa = PBXBuildFile; fileRef = 5F0758B431194CEDBE87BE64 /* CoreTelephony.framework */; };
		FE87E801FFE14FB2BCC48055 /* CDVReachability.m in Sources */ = {isa = PBXBuildFile; fileRef = ED8B17E0AF3D43ACB8EDB24A /* CDVReachability.m */; };
		FE9768A4C0C943DF8A8200CD /* AddressBook.framework in Frameworks */ = {isa = PBXBuildFile; fileRef = 1F1D7564DA8449D88D84788B /* AddressBook.framework */; settings = {ATTRIBUTES = (Weak, ); }; };
/* End PBXBuildFile section */

/* Begin PBXContainerItemProxy section */
		301BF534109A57CC0062928A /* PBXContainerItemProxy */ = {
			isa = PBXContainerItemProxy;
			containerPortal = 301BF52D109A57CC0062928A /* CordovaLib.xcodeproj */;
			proxyType = 2;
			remoteGlobalIDString = D2AAC07E0554694100DB518D;
			remoteInfo = CordovaLib;
		};
		301BF550109A68C00062928A /* PBXContainerItemProxy */ = {
			isa = PBXContainerItemProxy;
			containerPortal = 301BF52D109A57CC0062928A /* CordovaLib.xcodeproj */;
			proxyType = 1;
			remoteGlobalIDString = D2AAC07D0554694100DB518D;
			remoteInfo = CordovaLib;
		};
		907D8123214C687600058A10 /* PBXContainerItemProxy */ = {
			isa = PBXContainerItemProxy;
			containerPortal = 301BF52D109A57CC0062928A /* CordovaLib.xcodeproj */;
			proxyType = 2;
			remoteGlobalIDString = C0C01EB21E3911D50056E6CB;
			remoteInfo = Cordova;
		};
/* End PBXContainerItemProxy section */

/* Begin PBXFileReference section */
		0045B4123D924DBF840C6F0D /* CDVConnection.m */ = {isa = PBXFileReference; explicitFileType = undefined; fileEncoding = 4; includeInIndex = 0; lastKnownFileType = sourcecode.c.objc; name = CDVConnection.m; path = "cordova-plugin-network-information/CDVConnection.m"; sourceTree = "<group>"; };
		00B67AC5BD604EDD8C33701E /* CordovaHttpPlugin.h */ = {isa = PBXFileReference; explicitFileType = undefined; fileEncoding = 4; includeInIndex = 0; lastKnownFileType = sourcecode.c.h; name = CordovaHttpPlugin.h; path = "cordova-plugin-advanced-http/CordovaHttpPlugin.h"; sourceTree = "<group>"; };
		01D1E0CC1E374A10A90F5CC0 /* NSString+SSURLEncoding.h */ = {isa = PBXFileReference; explicitFileType = undefined; fileEncoding = 4; includeInIndex = 0; lastKnownFileType = sourcecode.c.h; name = "NSString+SSURLEncoding.h"; path = "cordova-plugin-x-socialsharing/NSString+SSURLEncoding.h"; sourceTree = "<group>"; };
		0207DA571B56EA530066E2B4 /* Images.xcassets */ = {isa = PBXFileReference; lastKnownFileType = folder.assetcatalog; name = Images.xcassets; path = CardioVisual/Images.xcassets; sourceTree = SOURCE_ROOT; };
		056501B637A14C9286D881B1 /* CDVFileTransfer.h */ = {isa = PBXFileReference; explicitFileType = undefined; fileEncoding = 4; includeInIndex = 0; lastKnownFileType = sourcecode.c.h; name = CDVFileTransfer.h; path = "cordova-plugin-file-transfer/CDVFileTransfer.h"; sourceTree = "<group>"; };
		05CD818EFB6B40249C8863A5 /* BranchNPM.h */ = {isa = PBXFileReference; explicitFileType = undefined; fileEncoding = 4; includeInIndex = 0; lastKnownFileType = sourcecode.c.h; name = BranchNPM.h; path = "branch-cordova-sdk/BranchNPM.h"; sourceTree = "<group>"; };
		05FEBFE600E743F49999B5CB /* CDVWKWebViewUIDelegate.m */ = {isa = PBXFileReference; explicitFileType = undefined; fileEncoding = 4; includeInIndex = 0; lastKnownFileType = sourcecode.c.objc; name = CDVWKWebViewUIDelegate.m; path = "cordova-plugin-ionic-webview/CDVWKWebViewUIDelegate.m"; sourceTree = "<group>"; };
		05FF28E0164B4B74AA5B3C6F /* CleverTapPlugin.h */ = {isa = PBXFileReference; explicitFileType = undefined; fileEncoding = 4; includeInIndex = 0; lastKnownFileType = sourcecode.c.h; name = CleverTapPlugin.h; path = "clevertap-cordova/CleverTapPlugin.h"; sourceTree = "<group>"; };
		07AFCA04FB8F441E80725A40 /* CDVSplashScreen.h */ = {isa = PBXFileReference; explicitFileType = undefined; fileEncoding = 4; includeInIndex = 0; lastKnownFileType = sourcecode.c.h; name = CDVSplashScreen.h; path = "cordova-plugin-splashscreen/CDVSplashScreen.h"; sourceTree = "<group>"; };
		0A7E7CAC7CE3446CB02DDFDC /* GooglePlus.h */ = {isa = PBXFileReference; explicitFileType = undefined; fileEncoding = 4; includeInIndex = 0; lastKnownFileType = sourcecode.c.h; name = GooglePlus.h; path = "cordova-plugin-googleplus/GooglePlus.h"; sourceTree = "<group>"; };
		0BC02DAE6B914F3EBE27DFF7 /* SM_AFSecurityPolicy.m */ = {isa = PBXFileReference; explicitFileType = undefined; fileEncoding = 4; includeInIndex = 0; lastKnownFileType = sourcecode.c.objc; name = SM_AFSecurityPolicy.m; path = "cordova-plugin-advanced-http/SM_AFSecurityPolicy.m"; sourceTree = "<group>"; };
		0DA910920132467188B1F4AC /* CDVWKInAppBrowserUIDelegate.m */ = {isa = PBXFileReference; explicitFileType = undefined; fileEncoding = 4; includeInIndex = 0; lastKnownFileType = sourcecode.c.objc; name = CDVWKInAppBrowserUIDelegate.m; path = "cordova-plugin-inappbrowser/CDVWKInAppBrowserUIDelegate.m"; sourceTree = "<group>"; };
		0DAEA5EADBB94A6EB4DCB272 /* CleverTapPlugin.m */ = {isa = PBXFileReference; explicitFileType = undefined; fileEncoding = 4; includeInIndex = 0; lastKnownFileType = sourcecode.c.objc; name = CleverTapPlugin.m; path = "clevertap-cordova/CleverTapPlugin.m"; sourceTree = "<group>"; };
		10B331ADDDF448FEB7C67E24 /* BinaryRequestSerializer.m */ = {isa = PBXFileReference; explicitFileType = undefined; fileEncoding = 4; includeInIndex = 0; lastKnownFileType = sourcecode.c.objc; name = BinaryRequestSerializer.m; path = "cordova-plugin-advanced-http/BinaryRequestSerializer.m"; sourceTree = "<group>"; };
		128F8B55C3994E31BBBE3EC0 /* AppVersion.h */ = {isa = PBXFileReference; explicitFileType = undefined; fileEncoding = 4; includeInIndex = 0; lastKnownFileType = sourcecode.c.h; name = AppVersion.h; path = "cordova-plugin-app-version/AppVersion.h"; sourceTree = "<group>"; };
		149C95D81DE042F5ABC77E23 /* AppDelegate+BranchSdk.m */ = {isa = PBXFileReference; explicitFileType = undefined; fileEncoding = 4; includeInIndex = 0; lastKnownFileType = sourcecode.c.objc; name = "AppDelegate+BranchSdk.m"; path = "branch-cordova-sdk/AppDelegate+BranchSdk.m"; sourceTree = "<group>"; };
		16BDF03C7B0249FFA7602C33 /* Foundation.framework */ = {isa = PBXFileReference; explicitFileType = undefined; fileEncoding = 9; includeInIndex = 0; lastKnownFileType = wrapper.framework; name = Foundation.framework; path = System/Library/Frameworks/Foundation.framework; sourceTree = SDKROOT; };
		1882A20985914A55B035D86A /* CFCallNumber.m */ = {isa = PBXFileReference; explicitFileType = undefined; fileEncoding = 4; includeInIndex = 0; lastKnownFileType = sourcecode.c.objc; name = CFCallNumber.m; path = mx.ferreyra.callnumber/CFCallNumber.m; sourceTree = "<group>"; };
		1A6CD9A8871C4D1FB5A8AC87 /* sqlite3.c */ = {isa = PBXFileReference; explicitFileType = undefined; fileEncoding = 9; includeInIndex = 0; lastKnownFileType = unknown; name = sqlite3.c; path = "cordova-sqlite-storage/sqlite3.c"; sourceTree = "<group>"; };
		1A7D91FFF2204DCCA0FDD68E /* AppVersion.m */ = {isa = PBXFileReference; explicitFileType = undefined; fileEncoding = 4; includeInIndex = 0; lastKnownFileType = sourcecode.c.objc; name = AppVersion.m; path = "cordova-plugin-app-version/AppVersion.m"; sourceTree = "<group>"; };
		1D3623240D0F684500981E51 /* AppDelegate.h */ = {isa = PBXFileReference; fileEncoding = 4; lastKnownFileType = sourcecode.c.h; path = AppDelegate.h; sourceTree = "<group>"; };
		1D3623250D0F684500981E51 /* AppDelegate.m */ = {isa = PBXFileReference; fileEncoding = 4; lastKnownFileType = sourcecode.c.objc; path = AppDelegate.m; sourceTree = "<group>"; };
		1D6058910D05DD3D006BFB54 /* CardioVisual.app */ = {isa = PBXFileReference; explicitFileType = wrapper.application; includeInIndex = 0; path = CardioVisual.app; sourceTree = BUILT_PRODUCTS_DIR; };
		1E36DAECCCEA41349C90A0F3 /* AdSupport.framework */ = {isa = PBXFileReference; explicitFileType = undefined; fileEncoding = 9; includeInIndex = 0; lastKnownFileType = wrapper.framework; name = AdSupport.framework; path = System/Library/Frameworks/AdSupport.framework; sourceTree = SDKROOT; };
		1ED74C33BBA74BE5AA0BCE0F /* CDVAppRate.h */ = {isa = PBXFileReference; explicitFileType = undefined; fileEncoding = 4; includeInIndex = 0; lastKnownFileType = sourcecode.c.h; name = CDVAppRate.h; path = "cordova-plugin-apprate/CDVAppRate.h"; sourceTree = "<group>"; };
		1F1D7564DA8449D88D84788B /* AddressBook.framework */ = {isa = PBXFileReference; explicitFileType = undefined; fileEncoding = 9; includeInIndex = 0; lastKnownFileType = wrapper.framework; name = AddressBook.framework; path = System/Library/Frameworks/AddressBook.framework; sourceTree = SDKROOT; };
		20C36DA9C47A4D4791AEB099 /* CoreData.framework */ = {isa = PBXFileReference; explicitFileType = undefined; fileEncoding = 9; includeInIndex = 0; lastKnownFileType = wrapper.framework; name = CoreData.framework; path = System/Library/Frameworks/CoreData.framework; sourceTree = SDKROOT; };
		2268BD9C27E4439DB0FB87D3 /* IONAssetHandler.h */ = {isa = PBXFileReference; explicitFileType = undefined; fileEncoding = 4; includeInIndex = 0; lastKnownFileType = sourcecode.c.h; name = IONAssetHandler.h; path = "cordova-plugin-ionic-webview/IONAssetHandler.h"; sourceTree = "<group>"; };
		228DF2C6B1CE4E8BA9146921 /* Security.framework */ = {isa = PBXFileReference; explicitFileType = undefined; fileEncoding = 9; includeInIndex = 0; lastKnownFileType = wrapper.framework; name = Security.framework; path = System/Library/Frameworks/Security.framework; sourceTree = SDKROOT; };
		22AB1298781F41509CB17068 /* Speech.framework */ = {isa = PBXFileReference; explicitFileType = undefined; fileEncoding = 9; includeInIndex = 0; lastKnownFileType = wrapper.framework; name = Speech.framework; path = System/Library/Frameworks/Speech.framework; sourceTree = SDKROOT; };
		23A7960866FB40A58B8B2F8B /* CDVViewController+SplashScreen.h */ = {isa = PBXFileReference; explicitFileType = undefined; fileEncoding = 4; includeInIndex = 0; lastKnownFileType = sourcecode.c.h; name = "CDVViewController+SplashScreen.h"; path = "cordova-plugin-splashscreen/CDVViewController+SplashScreen.h"; sourceTree = "<group>"; };
		23C48891186742C2BD7D9E68 /* CordovaHttpPlugin.m */ = {isa = PBXFileReference; explicitFileType = undefined; fileEncoding = 4; includeInIndex = 0; lastKnownFileType = sourcecode.c.objc; name = CordovaHttpPlugin.m; path = "cordova-plugin-advanced-http/CordovaHttpPlugin.m"; sourceTree = "<group>"; };
		2478CF1CFFA5491B9D60D980 /* GooglePlus.m */ = {isa = PBXFileReference; explicitFileType = undefined; fileEncoding = 4; includeInIndex = 0; lastKnownFileType = sourcecode.c.objc; name = GooglePlus.m; path = "cordova-plugin-googleplus/GooglePlus.m"; sourceTree = "<group>"; };
		29B97316FDCFA39411CA2CEA /* main.m */ = {isa = PBXFileReference; fileEncoding = 4; lastKnownFileType = sourcecode.c.objc; path = main.m; sourceTree = "<group>"; };
		2B61952FE7BE45F599614D78 /* SafariServices.framework */ = {isa = PBXFileReference; explicitFileType = undefined; fileEncoding = 9; includeInIndex = 0; lastKnownFileType = wrapper.framework; name = SafariServices.framework; path = System/Library/Frameworks/SafariServices.framework; sourceTree = SDKROOT; };
		2C8BFF7310E14E2DBE1D878E /* TextResponseSerializer.h */ = {isa = PBXFileReference; explicitFileType = undefined; fileEncoding = 4; includeInIndex = 0; lastKnownFileType = sourcecode.c.h; name = TextResponseSerializer.h; path = "cordova-plugin-advanced-http/TextResponseSerializer.h"; sourceTree = "<group>"; };
		2DE554414DE84F2F9A6A1732 /* CDVWKWebViewUIDelegate.h */ = {isa = PBXFileReference; explicitFileType = undefined; fileEncoding = 4; includeInIndex = 0; lastKnownFileType = sourcecode.c.h; name = CDVWKWebViewUIDelegate.h; path = "cordova-plugin-ionic-webview/CDVWKWebViewUIDelegate.h"; sourceTree = "<group>"; };
		2DFBD4147164430CB590082D /* SM_AFSecurityPolicy.h */ = {isa = PBXFileReference; explicitFileType = undefined; fileEncoding = 4; includeInIndex = 0; lastKnownFileType = sourcecode.c.h; name = SM_AFSecurityPolicy.h; path = "cordova-plugin-advanced-http/SM_AFSecurityPolicy.h"; sourceTree = "<group>"; };
		301BF52D109A57CC0062928A /* CordovaLib.xcodeproj */ = {isa = PBXFileReference; lastKnownFileType = "wrapper.pb-project"; name = CordovaLib.xcodeproj; path = CordovaLib/CordovaLib.xcodeproj; sourceTree = "<group>"; };
		301BF56E109A69640062928A /* www */ = {isa = PBXFileReference; lastKnownFileType = folder; path = www; sourceTree = SOURCE_ROOT; };
		302D95EE14D2391D003F00A1 /* MainViewController.h */ = {isa = PBXFileReference; fileEncoding = 4; lastKnownFileType = sourcecode.c.h; path = MainViewController.h; sourceTree = "<group>"; };
		302D95EF14D2391D003F00A1 /* MainViewController.m */ = {isa = PBXFileReference; fileEncoding = 4; lastKnownFileType = sourcecode.c.objc; path = MainViewController.m; sourceTree = "<group>"; };
		302D95F014D2391D003F00A1 /* MainViewController.xib */ = {isa = PBXFileReference; fileEncoding = 4; lastKnownFileType = file.xib; path = MainViewController.xib; sourceTree = "<group>"; };
		3047A50F1AB8059700498E2A /* build-debug.xcconfig */ = {isa = PBXFileReference; fileEncoding = 4; lastKnownFileType = text.xcconfig; name = "build-debug.xcconfig"; path = "cordova/build-debug.xcconfig"; sourceTree = SOURCE_ROOT; };
		3047A5101AB8059700498E2A /* build-release.xcconfig */ = {isa = PBXFileReference; fileEncoding = 4; lastKnownFileType = text.xcconfig; name = "build-release.xcconfig"; path = "cordova/build-release.xcconfig"; sourceTree = SOURCE_ROOT; };
		3047A5111AB8059700498E2A /* build.xcconfig */ = {isa = PBXFileReference; fileEncoding = 4; lastKnownFileType = text.xcconfig; name = build.xcconfig; path = cordova/build.xcconfig; sourceTree = SOURCE_ROOT; };
		3168065D5D4C49C48005A08F /* CDVNotification.m */ = {isa = PBXFileReference; explicitFileType = undefined; fileEncoding = 4; includeInIndex = 0; lastKnownFileType = sourcecode.c.objc; name = CDVNotification.m; path = "cordova-plugin-dialogs/CDVNotification.m"; sourceTree = "<group>"; };
		32903CD33F294B13A94AF09B /* SM_AFHTTPSessionManager.h */ = {isa = PBXFileReference; explicitFileType = undefined; fileEncoding = 4; includeInIndex = 0; lastKnownFileType = sourcecode.c.h; name = SM_AFHTTPSessionManager.h; path = "cordova-plugin-advanced-http/SM_AFHTTPSessionManager.h"; sourceTree = "<group>"; };
		32CA4F630368D1EE00C91783 /* CardioVisual-Prefix.pch */ = {isa = PBXFileReference; fileEncoding = 4; lastKnownFileType = sourcecode.c.h; path = "CardioVisual-Prefix.pch"; sourceTree = "<group>"; };
		347F90659E3846A491BFAE8D /* Toast+UIView.m */ = {isa = PBXFileReference; explicitFileType = undefined; fileEncoding = 4; includeInIndex = 0; lastKnownFileType = sourcecode.c.objc; name = "Toast+UIView.m"; path = "cordova-plugin-x-toast/Toast+UIView.m"; sourceTree = "<group>"; };
		34BF92CABB214A8492FDDA84 /* CDVSplashScreen.m */ = {isa = PBXFileReference; explicitFileType = undefined; fileEncoding = 4; includeInIndex = 0; lastKnownFileType = sourcecode.c.objc; name = CDVSplashScreen.m; path = "cordova-plugin-splashscreen/CDVSplashScreen.m"; sourceTree = "<group>"; };
		3555E13306E149A0A7438ECE /* SM_AFURLSessionManager.h */ = {isa = PBXFileReference; explicitFileType = undefined; fileEncoding = 4; includeInIndex = 0; lastKnownFileType = sourcecode.c.h; name = SM_AFURLSessionManager.h; path = "cordova-plugin-advanced-http/SM_AFURLSessionManager.h"; sourceTree = "<group>"; };
		381A7F179E9969FAFDE62814 /* Pods-CardioVisual.release.xcconfig */ = {isa = PBXFileReference; includeInIndex = 1; lastKnownFileType = text.xcconfig; name = "Pods-CardioVisual.release.xcconfig"; path = "Target Support Files/Pods-CardioVisual/Pods-CardioVisual.release.xcconfig"; sourceTree = "<group>"; };
		3B4DADEEB20C43228EE029AB /* IONAssetHandler.m */ = {isa = PBXFileReference; explicitFileType = undefined; fileEncoding = 4; includeInIndex = 0; lastKnownFileType = sourcecode.c.objc; name = IONAssetHandler.m; path = "cordova-plugin-ionic-webview/IONAssetHandler.m"; sourceTree = "<group>"; };
		3BFE16D7E51A4757AF1018C8 /* CDVStatusBar.h */ = {isa = PBXFileReference; explicitFileType = undefined; fileEncoding = 4; includeInIndex = 0; lastKnownFileType = sourcecode.c.h; name = CDVStatusBar.h; path = "cordova-plugin-statusbar/CDVStatusBar.h"; sourceTree = "<group>"; };
		3CC4BEA1F9A44F12B22D2C74 /* Photos.framework */ = {isa = PBXFileReference; explicitFileType = undefined; fileEncoding = 9; includeInIndex = 0; lastKnownFileType = wrapper.framework; name = Photos.framework; path = System/Library/Frameworks/Photos.framework; sourceTree = SDKROOT; };
		3D0A4DC6A905449AB9CDF3EC /* OneSignalPush.m */ = {isa = PBXFileReference; explicitFileType = undefined; fileEncoding = 4; includeInIndex = 0; lastKnownFileType = sourcecode.c.objc; name = OneSignalPush.m; path = "onesignal-cordova-plugin/OneSignalPush.m"; sourceTree = "<group>"; };
		3E541B40524D4C95AD2882AC /* CDVIonicKeyboard.m */ = {isa = PBXFileReference; explicitFileType = undefined; fileEncoding = 4; includeInIndex = 0; lastKnownFileType = sourcecode.c.objc; name = CDVIonicKeyboard.m; path = "cordova-plugin-ionic-keyboard/CDVIonicKeyboard.m"; sourceTree = "<group>"; };
		3FCF5792AFB948D299716FB0 /* SystemConfiguration.framework */ = {isa = PBXFileReference; explicitFileType = undefined; fileEncoding = 9; includeInIndex = 0; lastKnownFileType = wrapper.framework; name = SystemConfiguration.framework; path = System/Library/Frameworks/SystemConfiguration.framework; sourceTree = SDKROOT; };
		414BF23E95AF41029BD2CB83 /* RMStore.h */ = {isa = PBXFileReference; explicitFileType = undefined; fileEncoding = 4; includeInIndex = 0; lastKnownFileType = sourcecode.c.h; name = RMStore.h; path = "cordova-plugin-inapppurchase-2/RMStore.h"; sourceTree = "<group>"; };
		44B20333624041B48590D3F2 /* SDNetworkActivityIndicator.m */ = {isa = PBXFileReference; explicitFileType = undefined; fileEncoding = 4; includeInIndex = 0; lastKnownFileType = sourcecode.c.objc; name = SDNetworkActivityIndicator.m; path = "cordova-plugin-advanced-http/SDNetworkActivityIndicator.m"; sourceTree = "<group>"; };
		459E53085379476497974831 /* CDVSpinnerDialog.m */ = {isa = PBXFileReference; explicitFileType = undefined; fileEncoding = 4; includeInIndex = 0; lastKnownFileType = sourcecode.c.objc; name = CDVSpinnerDialog.m; path = "cordova-plugin-native-spinner/CDVSpinnerDialog.m"; sourceTree = "<group>"; };
		48BBA54142CA4EB497DAF8D5 /* PaymentsPlugin.m */ = {isa = PBXFileReference; explicitFileType = undefined; fileEncoding = 4; includeInIndex = 0; lastKnownFileType = sourcecode.c.objc; name = PaymentsPlugin.m; path = "cordova-plugin-inapppurchase-2/PaymentsPlugin.m"; sourceTree = "<group>"; };
		49ADD8241CDD46B093E52A71 /* FreshchatPlugin.h */ = {isa = PBXFileReference; explicitFileType = undefined; fileEncoding = 4; includeInIndex = 0; lastKnownFileType = sourcecode.c.h; name = FreshchatPlugin.h; path = "cordova-plugin-freshchat/FreshchatiOSPlugin/FreshchatPlugin.h"; sourceTree = "<group>"; };
		4B54CE2CE97747B8AA2E8BE0 /* SM_AFNetworkReachabilityManager.h */ = {isa = PBXFileReference; explicitFileType = undefined; fileEncoding = 4; includeInIndex = 0; lastKnownFileType = sourcecode.c.h; name = SM_AFNetworkReachabilityManager.h; path = "cordova-plugin-advanced-http/SM_AFNetworkReachabilityManager.h"; sourceTree = "<group>"; };
		4B9DCCE928164227B2BD30B4 /* CFCallNumber.h */ = {isa = PBXFileReference; explicitFileType = undefined; fileEncoding = 4; includeInIndex = 0; lastKnownFileType = sourcecode.c.h; name = CFCallNumber.h; path = mx.ferreyra.callnumber/CFCallNumber.h; sourceTree = "<group>"; };
		50162C95F6644367969CFC66 /* SM_AFURLRequestSerialization.h */ = {isa = PBXFileReference; explicitFileType = undefined; fileEncoding = 4; includeInIndex = 0; lastKnownFileType = sourcecode.c.h; name = SM_AFURLRequestSerialization.h; path = "cordova-plugin-advanced-http/SM_AFURLRequestSerialization.h"; sourceTree = "<group>"; };
		5083F0BD36BC4EC98EC46D44 /* ImageIO.framework */ = {isa = PBXFileReference; explicitFileType = undefined; fileEncoding = 9; includeInIndex = 0; lastKnownFileType = wrapper.framework; name = ImageIO.framework; path = System/Library/Frameworks/ImageIO.framework; sourceTree = SDKROOT; };
		513B7F49032947AE93C7416B /* BranchSDK.m */ = {isa = PBXFileReference; explicitFileType = undefined; fileEncoding = 4; includeInIndex = 0; lastKnownFileType = sourcecode.c.objc; name = BranchSDK.m; path = "branch-cordova-sdk/BranchSDK.m"; sourceTree = "<group>"; };
		524D6ACF020E4659B6B60870 /* CDVInAppBrowserNavigationController.m */ = {isa = PBXFileReference; explicitFileType = undefined; fileEncoding = 4; includeInIndex = 0; lastKnownFileType = sourcecode.c.objc; name = CDVInAppBrowserNavigationController.m; path = "cordova-plugin-inappbrowser/CDVInAppBrowserNavigationController.m"; sourceTree = "<group>"; };
		540694AEF1264C72B2039949 /* CDVInAppBrowserOptions.h */ = {isa = PBXFileReference; explicitFileType = undefined; fileEncoding = 4; includeInIndex = 0; lastKnownFileType = sourcecode.c.h; name = CDVInAppBrowserOptions.h; path = "cordova-plugin-inappbrowser/CDVInAppBrowserOptions.h"; sourceTree = "<group>"; };
		57657714927C4F2BA227B011 /* CoreMedia.framework */ = {isa = PBXFileReference; explicitFileType = undefined; fileEncoding = 9; includeInIndex = 0; lastKnownFileType = wrapper.framework; name = CoreMedia.framework; path = System/Library/Frameworks/CoreMedia.framework; sourceTree = SDKROOT; };
		58BF065BD1CF40A680858C61 /* CDVIonicKeyboard.h */ = {isa = PBXFileReference; explicitFileType = undefined; fileEncoding = 4; includeInIndex = 0; lastKnownFileType = sourcecode.c.h; name = CDVIonicKeyboard.h; path = "cordova-plugin-ionic-keyboard/CDVIonicKeyboard.h"; sourceTree = "<group>"; };
		5958C6611E164A979071BA5B /* QRScanner.swift */ = {isa = PBXFileReference; explicitFileType = undefined; fileEncoding = 4; includeInIndex = 0; lastKnownFileType = sourcecode.swift; name = QRScanner.swift; path = "cordova-plugin-qrscanner/QRScanner.swift"; sourceTree = "<group>"; };
		59777956A6454C81B9D0564C /* SpeechRecognition.m */ = {isa = PBXFileReference; explicitFileType = undefined; fileEncoding = 4; includeInIndex = 0; lastKnownFileType = sourcecode.c.objc; name = SpeechRecognition.m; path = "cordova-plugin-speechrecognition/SpeechRecognition.m"; sourceTree = "<group>"; };
		5AACD89140954BEA9F841618 /* SharkfoodMuteSwitchDetector.h */ = {isa = PBXFileReference; explicitFileType = undefined; fileEncoding = 4; includeInIndex = 0; lastKnownFileType = sourcecode.c.h; name = SharkfoodMuteSwitchDetector.h; path = "cordova-silent-mode/SharkfoodMuteSwitchDetector.h"; sourceTree = "<group>"; };
		5E1BD937CA364C169978E4A6 /* SM_AFHTTPSessionManager.m */ = {isa = PBXFileReference; explicitFileType = undefined; fileEncoding = 4; includeInIndex = 0; lastKnownFileType = sourcecode.c.objc; name = SM_AFHTTPSessionManager.m; path = "cordova-plugin-advanced-http/SM_AFHTTPSessionManager.m"; sourceTree = "<group>"; };
		5F0758B431194CEDBE87BE64 /* CoreTelephony.framework */ = {isa = PBXFileReference; explicitFileType = undefined; fileEncoding = 9; includeInIndex = 0; lastKnownFileType = wrapper.framework; name = CoreTelephony.framework; path = System/Library/Frameworks/CoreTelephony.framework; sourceTree = SDKROOT; };
		5FA8D7F0AACD48D0B1C1BD72 /* CDVStatusBar.m */ = {isa = PBXFileReference; explicitFileType = undefined; fileEncoding = 4; includeInIndex = 0; lastKnownFileType = sourcecode.c.objc; name = CDVStatusBar.m; path = "cordova-plugin-statusbar/CDVStatusBar.m"; sourceTree = "<group>"; };
		608D105A367448878BBFC8C3 /* QuartzCore.framework */ = {isa = PBXFileReference; explicitFileType = undefined; fileEncoding = 9; includeInIndex = 0; lastKnownFileType = wrapper.framework; name = QuartzCore.framework; path = System/Library/Frameworks/QuartzCore.framework; sourceTree = SDKROOT; };
		617D26131F4E4FD6AFEDDF5A /* CDVAssetLibraryFilesystem.h */ = {isa = PBXFileReference; explicitFileType = undefined; fileEncoding = 4; includeInIndex = 0; lastKnownFileType = sourcecode.c.h; name = CDVAssetLibraryFilesystem.h; path = "cordova-plugin-file/CDVAssetLibraryFilesystem.h"; sourceTree = "<group>"; };
		6AEF1C3C47614F2BAF9D6D69 /* PaymentsPlugin.h */ = {isa = PBXFileReference; explicitFileType = undefined; fileEncoding = 4; includeInIndex = 0; lastKnownFileType = sourcecode.c.h; name = PaymentsPlugin.h; path = "cordova-plugin-inapppurchase-2/PaymentsPlugin.h"; sourceTree = "<group>"; };
		6AFF5BF81D6E424B00AB3073 /* CDVLaunchScreen.storyboard */ = {isa = PBXFileReference; fileEncoding = 4; lastKnownFileType = file.storyboard; name = CDVLaunchScreen.storyboard; path = CardioVisual/CDVLaunchScreen.storyboard; sourceTree = SOURCE_ROOT; };
		6C3E07DF44A64334AC5F4E0D /* WebKit.framework */ = {isa = PBXFileReference; explicitFileType = undefined; fileEncoding = 9; includeInIndex = 0; lastKnownFileType = wrapper.framework; name = WebKit.framework; path = System/Library/Frameworks/WebKit.framework; sourceTree = SDKROOT; };
		6ECCDC6617474F7F97908656 /* CDVInAppBrowserNavigationController.h */ = {isa = PBXFileReference; explicitFileType = undefined; fileEncoding = 4; includeInIndex = 0; lastKnownFileType = sourcecode.c.h; name = CDVInAppBrowserNavigationController.h; path = "cordova-plugin-inappbrowser/CDVInAppBrowserNavigationController.h"; sourceTree = "<group>"; };
		7052DD57282B4C42B4C618B9 /* TextResponseSerializer.m */ = {isa = PBXFileReference; explicitFileType = undefined; fileEncoding = 4; includeInIndex = 0; lastKnownFileType = sourcecode.c.objc; name = TextResponseSerializer.m; path = "cordova-plugin-advanced-http/TextResponseSerializer.m"; sourceTree = "<group>"; };
		71B7AF784A04461CABAA92C6 /* CDVWKWebViewEngine.h */ = {isa = PBXFileReference; explicitFileType = undefined; fileEncoding = 4; includeInIndex = 0; lastKnownFileType = sourcecode.c.h; name = CDVWKWebViewEngine.h; path = "cordova-plugin-ionic-webview/CDVWKWebViewEngine.h"; sourceTree = "<group>"; };
		72EE1A8C084142F28ECAE824 /* BinaryResponseSerializer.h */ = {isa = PBXFileReference; explicitFileType = undefined; fileEncoding = 4; includeInIndex = 0; lastKnownFileType = sourcecode.c.h; name = BinaryResponseSerializer.h; path = "cordova-plugin-advanced-http/BinaryResponseSerializer.h"; sourceTree = "<group>"; };
		73DD4EA4D39249818ED32C2F /* CDVNotification.bundle */ = {isa = PBXFileReference; explicitFileType = undefined; fileEncoding = 9; includeInIndex = 0; lastKnownFileType = "wrapper.plug-in"; path = CDVNotification.bundle; sourceTree = "<group>"; };
		7456F5DBEFA6406380B58F88 /* AudioToolbox.framework */ = {isa = PBXFileReference; explicitFileType = undefined; fileEncoding = 9; includeInIndex = 0; lastKnownFileType = wrapper.framework; name = AudioToolbox.framework; path = System/Library/Frameworks/AudioToolbox.framework; sourceTree = SDKROOT; };
		7512A704AAC2467F8BC0FEEA /* SM_AFURLResponseSerialization.m */ = {isa = PBXFileReference; explicitFileType = undefined; fileEncoding = 4; includeInIndex = 0; lastKnownFileType = sourcecode.c.objc; name = SM_AFURLResponseSerialization.m; path = "cordova-plugin-advanced-http/SM_AFURLResponseSerialization.m"; sourceTree = "<group>"; };
		7587D37EEA50402AAB11C22D /* CDVOrientation.m */ = {isa = PBXFileReference; explicitFileType = undefined; fileEncoding = 4; includeInIndex = 0; lastKnownFileType = sourcecode.c.objc; name = CDVOrientation.m; path = "cordova-plugin-screen-orientation/CDVOrientation.m"; sourceTree = "<group>"; };
		76C6947A52D44B30854AC29A /* Base64ToGallery.m */ = {isa = PBXFileReference; explicitFileType = undefined; fileEncoding = 4; includeInIndex = 0; lastKnownFileType = sourcecode.c.objc; name = Base64ToGallery.m; path = "cordova-base64-to-gallery/Base64ToGallery.m"; sourceTree = "<group>"; };
		7A0F85422E974FF3B41F07A4 /* AppDelegate+CleverTapPlugin.h */ = {isa = PBXFileReference; explicitFileType = undefined; fileEncoding = 4; includeInIndex = 0; lastKnownFileType = sourcecode.c.h; name = "AppDelegate+CleverTapPlugin.h"; path = "clevertap-cordova/AppDelegate+CleverTapPlugin.h"; sourceTree = "<group>"; };
		7A3F45771A874B159C8C96C2 /* CDVOrientation.h */ = {isa = PBXFileReference; explicitFileType = undefined; fileEncoding = 4; includeInIndex = 0; lastKnownFileType = sourcecode.c.h; name = CDVOrientation.h; path = "cordova-plugin-screen-orientation/CDVOrientation.h"; sourceTree = "<group>"; };
		7C18B11EC5EA4624AD0EDDFC /* TextRequestSerializer.h */ = {isa = PBXFileReference; explicitFileType = undefined; fileEncoding = 4; includeInIndex = 0; lastKnownFileType = sourcecode.c.h; name = TextRequestSerializer.h; path = "cordova-plugin-advanced-http/TextRequestSerializer.h"; sourceTree = "<group>"; };
		7C8A2F2E22AB45109F09F765 /* Base64ToGallery.h */ = {isa = PBXFileReference; explicitFileType = undefined; fileEncoding = 4; includeInIndex = 0; lastKnownFileType = sourcecode.c.h; name = Base64ToGallery.h; path = "cordova-base64-to-gallery/Base64ToGallery.h"; sourceTree = "<group>"; };
		7D55C072A6A2435CB68C4E56 /* CustomPSPDFThreadSafeMutableDictionary.m */ = {isa = PBXFileReference; explicitFileType = undefined; fileEncoding = 4; includeInIndex = 0; lastKnownFileType = sourcecode.c.objc; name = CustomPSPDFThreadSafeMutableDictionary.m; path = "cordova-sqlite-storage/CustomPSPDFThreadSafeMutableDictionary.m"; sourceTree = "<group>"; };
		7DFA0B3595D448959EE03D39 /* CDVWKProcessPoolFactory.h */ = {isa = PBXFileReference; explicitFileType = undefined; fileEncoding = 4; includeInIndex = 0; lastKnownFileType = sourcecode.c.h; name = CDVWKProcessPoolFactory.h; path = "cordova-plugin-ionic-webview/CDVWKProcessPoolFactory.h"; sourceTree = "<group>"; };
		7E5506A94D627AF3D6A1EE6C /* Pods-CardioVisual.debug.xcconfig */ = {isa = PBXFileReference; includeInIndex = 1; lastKnownFileType = text.xcconfig; name = "Pods-CardioVisual.debug.xcconfig"; path = "Target Support Files/Pods-CardioVisual/Pods-CardioVisual.debug.xcconfig"; sourceTree = "<group>"; };
		7EFF140FE85941D9ADE40D3B /* SignInWithApple.m */ = {isa = PBXFileReference; explicitFileType = undefined; fileEncoding = 4; includeInIndex = 0; lastKnownFileType = sourcecode.c.objc; name = SignInWithApple.m; path = "cordova-plugin-sign-in-with-apple/SignInWithApple.m"; sourceTree = "<group>"; };
		7FC1DFD24CDC4B9A91CEF4C5 /* SignInWithApple.h */ = {isa = PBXFileReference; explicitFileType = undefined; fileEncoding = 4; includeInIndex = 0; lastKnownFileType = sourcecode.c.h; name = SignInWithApple.h; path = "cordova-plugin-sign-in-with-apple/SignInWithApple.h"; sourceTree = "<group>"; };
		851ABC9D49604F4DA7E98DB3 /* SM_AFURLResponseSerialization.h */ = {isa = PBXFileReference; explicitFileType = undefined; fileEncoding = 4; includeInIndex = 0; lastKnownFileType = sourcecode.c.h; name = SM_AFURLResponseSerialization.h; path = "cordova-plugin-advanced-http/SM_AFURLResponseSerialization.h"; sourceTree = "<group>"; };
		885981FA554F481E97A0D1E9 /* CDVInAppBrowserOptions.m */ = {isa = PBXFileReference; explicitFileType = undefined; fileEncoding = 4; includeInIndex = 0; lastKnownFileType = sourcecode.c.objc; name = CDVInAppBrowserOptions.m; path = "cordova-plugin-inappbrowser/CDVInAppBrowserOptions.m"; sourceTree = "<group>"; };
		89876CDF7899465690B2A3C5 /* CDVSpinnerDialog.h */ = {isa = PBXFileReference; explicitFileType = undefined; fileEncoding = 4; includeInIndex = 0; lastKnownFileType = sourcecode.c.h; name = CDVSpinnerDialog.h; path = "cordova-plugin-native-spinner/CDVSpinnerDialog.h"; sourceTree = "<group>"; };
		89C9086BEB3A4BDE8812BD78 /* FreshchatPlugin.m */ = {isa = PBXFileReference; explicitFileType = undefined; fileEncoding = 4; includeInIndex = 0; lastKnownFileType = sourcecode.c.objc; name = FreshchatPlugin.m; path = "cordova-plugin-freshchat/FreshchatiOSPlugin/FreshchatPlugin.m"; sourceTree = "<group>"; };
		8AB5933BD312419384C98B99 /* Toast.m */ = {isa = PBXFileReference; explicitFileType = undefined; fileEncoding = 4; includeInIndex = 0; lastKnownFileType = sourcecode.c.objc; name = Toast.m; path = "cordova-plugin-x-toast/Toast.m"; sourceTree = "<group>"; };
		8B7A9C315DF64E2589821360 /* FacebookConnectPlugin.h */ = {isa = PBXFileReference; explicitFileType = undefined; fileEncoding = 4; includeInIndex = 0; lastKnownFileType = sourcecode.c.h; name = FacebookConnectPlugin.h; path = "cordova-plugin-facebook-connect/FacebookConnectPlugin.h"; sourceTree = "<group>"; };
		8D1107310486CEB800E47090 /* CardioVisual-Info.plist */ = {isa = PBXFileReference; fileEncoding = 4; lastKnownFileType = text.plist.xml; name = "CardioVisual-Info.plist"; path = "CardioVisual/CardioVisual-Info.plist"; plistStructureDefinitionIdentifier = "com.apple.xcode.plist.structure-definition.iphone.info-plist"; sourceTree = SOURCE_ROOT; };
		8E9959920FF2448BAFE0A0DA /* BinaryRequestSerializer.h */ = {isa = PBXFileReference; explicitFileType = undefined; fileEncoding = 4; includeInIndex = 0; lastKnownFileType = sourcecode.c.h; name = BinaryRequestSerializer.h; path = "cordova-plugin-advanced-http/BinaryRequestSerializer.h"; sourceTree = "<group>"; };
		8FD8C90226E14F8782948C00 /* BranchSDK.h */ = {isa = PBXFileReference; explicitFileType = undefined; fileEncoding = 4; includeInIndex = 0; lastKnownFileType = sourcecode.c.h; name = BranchSDK.h; path = "branch-cordova-sdk/BranchSDK.h"; sourceTree = "<group>"; };
		90B39B7E18FB452D90C6F64B /* CDVAppRate.m */ = {isa = PBXFileReference; explicitFileType = undefined; fileEncoding = 4; includeInIndex = 0; lastKnownFileType = sourcecode.c.objc; name = CDVAppRate.m; path = "cordova-plugin-apprate/CDVAppRate.m"; sourceTree = "<group>"; };
		91031B48CED2460196161A07 /* AppDelegate+CleverTapPlugin.m */ = {isa = PBXFileReference; explicitFileType = undefined; fileEncoding = 4; includeInIndex = 0; lastKnownFileType = sourcecode.c.objc; name = "AppDelegate+CleverTapPlugin.m"; path = "clevertap-cordova/AppDelegate+CleverTapPlugin.m"; sourceTree = "<group>"; };
		921F3D4049B545A7AAD29A01 /* NativeStorage.m */ = {isa = PBXFileReference; explicitFileType = undefined; fileEncoding = 4; includeInIndex = 0; lastKnownFileType = sourcecode.c.objc; name = NativeStorage.m; path = "cordova-plugin-nativestorage/NativeStorage.m"; sourceTree = "<group>"; };
		92F63F4F1C00429090F6F3DB /* CDVWKInAppBrowserUIDelegate.h */ = {isa = PBXFileReference; explicitFileType = undefined; fileEncoding = 4; includeInIndex = 0; lastKnownFileType = sourcecode.c.h; name = CDVWKInAppBrowserUIDelegate.h; path = "cordova-plugin-inappbrowser/CDVWKInAppBrowserUIDelegate.h"; sourceTree = "<group>"; };
		9330C7C5AD6B41B0957FB330 /* SQLitePlugin.m */ = {isa = PBXFileReference; explicitFileType = undefined; fileEncoding = 4; includeInIndex = 0; lastKnownFileType = sourcecode.c.objc; name = SQLitePlugin.m; path = "cordova-sqlite-storage/SQLitePlugin.m"; sourceTree = "<group>"; };
		9545B920341644699C358E22 /* libz.dylib */ = {isa = PBXFileReference; explicitFileType = undefined; fileEncoding = 9; includeInIndex = 0; lastKnownFileType = "compiled.mach-o.dylib"; name = libz.dylib; path = usr/lib/libz.dylib; sourceTree = SDKROOT; };
		969C6F7D05614DFBB136D8DE /* TextRequestSerializer.m */ = {isa = PBXFileReference; explicitFileType = undefined; fileEncoding = 4; includeInIndex = 0; lastKnownFileType = sourcecode.c.objc; name = TextRequestSerializer.m; path = "cordova-plugin-advanced-http/TextRequestSerializer.m"; sourceTree = "<group>"; };
		985E4F1BB80B432CB5AC1FFB /* CDVSilentModePlugin.m */ = {isa = PBXFileReference; explicitFileType = undefined; fileEncoding = 4; includeInIndex = 0; lastKnownFileType = sourcecode.c.objc; name = CDVSilentModePlugin.m; path = "cordova-silent-mode/CDVSilentModePlugin.m"; sourceTree = "<group>"; };
		9979F0979F5D424582080DC7 /* SM_AFNetworkReachabilityManager.m */ = {isa = PBXFileReference; explicitFileType = undefined; fileEncoding = 4; includeInIndex = 0; lastKnownFileType = sourcecode.c.objc; name = SM_AFNetworkReachabilityManager.m; path = "cordova-plugin-advanced-http/SM_AFNetworkReachabilityManager.m"; sourceTree = "<group>"; };
		99805CBB34E049BCA3EB3617 /* SM_AFNetworking.h */ = {isa = PBXFileReference; explicitFileType = undefined; fileEncoding = 4; includeInIndex = 0; lastKnownFileType = sourcecode.c.h; name = SM_AFNetworking.h; path = "cordova-plugin-advanced-http/SM_AFNetworking.h"; sourceTree = "<group>"; };
		9E081E7DC6614CC882645B1B /* Toast.h */ = {isa = PBXFileReference; explicitFileType = undefined; fileEncoding = 4; includeInIndex = 0; lastKnownFileType = sourcecode.c.h; name = Toast.h; path = "cordova-plugin-x-toast/Toast.h"; sourceTree = "<group>"; };
		A00A2A7ED7CA45B9BC1AC04D /* libz.tbd */ = {isa = PBXFileReference; explicitFileType = undefined; fileEncoding = 9; includeInIndex = 0; lastKnownFileType = "sourcecode.text-based-dylib-definition"; name = libz.tbd; path = usr/lib/libz.tbd; sourceTree = SDKROOT; };
		A023541F11DD4BD0864BB311 /* StoreKit.framework */ = {isa = PBXFileReference; explicitFileType = undefined; fileEncoding = 9; includeInIndex = 0; lastKnownFileType = wrapper.framework; name = StoreKit.framework; path = System/Library/Frameworks/StoreKit.framework; sourceTree = SDKROOT; };
		A220477557C844C38E375EAE /* CDVReachability.h */ = {isa = PBXFileReference; explicitFileType = undefined; fileEncoding = 4; includeInIndex = 0; lastKnownFileType = sourcecode.c.h; name = CDVReachability.h; path = "cordova-plugin-network-information/CDVReachability.h"; sourceTree = "<group>"; };
		A49FB7CC391B4170A754E917 /* CDVFileTransfer.m */ = {isa = PBXFileReference; explicitFileType = undefined; fileEncoding = 4; includeInIndex = 0; lastKnownFileType = sourcecode.c.objc; name = CDVFileTransfer.m; path = "cordova-plugin-file-transfer/CDVFileTransfer.m"; sourceTree = "<group>"; };
		A8B10E814F21487BB820BDA4 /* FacebookConnectPlugin.m */ = {isa = PBXFileReference; explicitFileType = undefined; fileEncoding = 4; includeInIndex = 0; lastKnownFileType = sourcecode.c.objc; name = FacebookConnectPlugin.m; path = "cordova-plugin-facebook-connect/FacebookConnectPlugin.m"; sourceTree = "<group>"; };
		AA200059E67D4F42957B9B7B /* CDVFile.h */ = {isa = PBXFileReference; explicitFileType = undefined; fileEncoding = 4; includeInIndex = 0; lastKnownFileType = sourcecode.c.h; name = CDVFile.h; path = "cordova-plugin-file/CDVFile.h"; sourceTree = "<group>"; };
		AA8A9E4B63124D0B88A442E4 /* CoreText.framework */ = {isa = PBXFileReference; explicitFileType = undefined; fileEncoding = 9; includeInIndex = 0; lastKnownFileType = wrapper.framework; name = CoreText.framework; path = System/Library/Frameworks/CoreText.framework; sourceTree = SDKROOT; };
		AC66C6814C4A45B7881CB585 /* sqlite3.h */ = {isa = PBXFileReference; explicitFileType = undefined; fileEncoding = 4; includeInIndex = 0; lastKnownFileType = sourcecode.c.h; name = sqlite3.h; path = "cordova-sqlite-storage/sqlite3.h"; sourceTree = "<group>"; };
		AD53CB400E414A73A6EE8EE2 /* SM_AFURLRequestSerialization.m */ = {isa = PBXFileReference; explicitFileType = undefined; fileEncoding = 4; includeInIndex = 0; lastKnownFileType = sourcecode.c.objc; name = SM_AFURLRequestSerialization.m; path = "cordova-plugin-advanced-http/SM_AFURLRequestSerialization.m"; sourceTree = "<group>"; };
		AD77A191D75048F7985CB8D2 /* OneSignalPush.h */ = {isa = PBXFileReference; explicitFileType = undefined; fileEncoding = 4; includeInIndex = 0; lastKnownFileType = sourcecode.c.h; name = OneSignalPush.h; path = "onesignal-cordova-plugin/OneSignalPush.h"; sourceTree = "<group>"; };
		AE2DDB89279C4B148D21B6EA /* mute.caf */ = {isa = PBXFileReference; explicitFileType = undefined; fileEncoding = 9; includeInIndex = 0; lastKnownFileType = unknown; path = mute.caf; sourceTree = "<group>"; };
		AE349EF4C12D4C71915BD68C /* CDVNotification.h */ = {isa = PBXFileReference; explicitFileType = undefined; fileEncoding = 4; includeInIndex = 0; lastKnownFileType = sourcecode.c.h; name = CDVNotification.h; path = "cordova-plugin-dialogs/CDVNotification.h"; sourceTree = "<group>"; };
		AF18E99ED76744DF9E83E90E /* CDVWKInAppBrowser.m */ = {isa = PBXFileReference; explicitFileType = undefined; fileEncoding = 4; includeInIndex = 0; lastKnownFileType = sourcecode.c.objc; name = CDVWKInAppBrowser.m; path = "cordova-plugin-inappbrowser/CDVWKInAppBrowser.m"; sourceTree = "<group>"; };
		AF87CE73EC874DFBBDC66B54 /* SharkfoodMuteSwitchDetector.m */ = {isa = PBXFileReference; explicitFileType = undefined; fileEncoding = 4; includeInIndex = 0; lastKnownFileType = sourcecode.c.objc; name = SharkfoodMuteSwitchDetector.m; path = "cordova-silent-mode/SharkfoodMuteSwitchDetector.m"; sourceTree = "<group>"; };
		B75158CEBC9C462EAE213D94 /* CDVFile.m */ = {isa = PBXFileReference; explicitFileType = undefined; fileEncoding = 4; includeInIndex = 0; lastKnownFileType = sourcecode.c.objc; name = CDVFile.m; path = "cordova-plugin-file/CDVFile.m"; sourceTree = "<group>"; };
		C1A298B48E304128959DE7C0 /* CDVWKProcessPoolFactory.m */ = {isa = PBXFileReference; explicitFileType = undefined; fileEncoding = 4; includeInIndex = 0; lastKnownFileType = sourcecode.c.objc; name = CDVWKProcessPoolFactory.m; path = "cordova-plugin-ionic-webview/CDVWKProcessPoolFactory.m"; sourceTree = "<group>"; };
		C2039FB9376E474E80124F10 /* CDVAssetLibraryFilesystem.m */ = {isa = PBXFileReference; explicitFileType = undefined; fileEncoding = 4; includeInIndex = 0; lastKnownFileType = sourcecode.c.objc; name = CDVAssetLibraryFilesystem.m; path = "cordova-plugin-file/CDVAssetLibraryFilesystem.m"; sourceTree = "<group>"; };
		C69BB2A72164423EB6FC5FA2 /* NSString+SSURLEncoding.m */ = {isa = PBXFileReference; explicitFileType = undefined; fileEncoding = 4; includeInIndex = 0; lastKnownFileType = sourcecode.c.objc; name = "NSString+SSURLEncoding.m"; path = "cordova-plugin-x-socialsharing/NSString+SSURLEncoding.m"; sourceTree = "<group>"; };
		C9DE0B3FC6F2414E901C03FE /* CDVDevice.m */ = {isa = PBXFileReference; explicitFileType = undefined; fileEncoding = 4; includeInIndex = 0; lastKnownFileType = sourcecode.c.objc; name = CDVDevice.m; path = "cordova-plugin-device/CDVDevice.m"; sourceTree = "<group>"; };
		CA2C367EC21F4CD58EA0986F /* CDVLocalFilesystem.m */ = {isa = PBXFileReference; explicitFileType = undefined; fileEncoding = 4; includeInIndex = 0; lastKnownFileType = sourcecode.c.objc; name = CDVLocalFilesystem.m; path = "cordova-plugin-file/CDVLocalFilesystem.m"; sourceTree = "<group>"; };
		CD47CE8922E843C19309879C /* SocialSharing.h */ = {isa = PBXFileReference; explicitFileType = undefined; fileEncoding = 4; includeInIndex = 0; lastKnownFileType = sourcecode.c.h; name = SocialSharing.h; path = "cordova-plugin-x-socialsharing/SocialSharing.h"; sourceTree = "<group>"; };
		CE040D3FB6EC42B2ABE471C5 /* CDVWKWebViewEngine.m */ = {isa = PBXFileReference; explicitFileType = undefined; fileEncoding = 4; includeInIndex = 0; lastKnownFileType = sourcecode.c.objc; name = CDVWKWebViewEngine.m; path = "cordova-plugin-ionic-webview/CDVWKWebViewEngine.m"; sourceTree = "<group>"; };
		CE2E7C26AC884BCD819EB6C3 /* CDVSilentModePlugin.h */ = {isa = PBXFileReference; explicitFileType = undefined; fileEncoding = 4; includeInIndex = 0; lastKnownFileType = sourcecode.c.h; name = CDVSilentModePlugin.h; path = "cordova-silent-mode/CDVSilentModePlugin.h"; sourceTree = "<group>"; };
		CF04958C0F1649FCAC5F38B6 /* Toast+UIView.h */ = {isa = PBXFileReference; explicitFileType = undefined; fileEncoding = 4; includeInIndex = 0; lastKnownFileType = sourcecode.c.h; name = "Toast+UIView.h"; path = "cordova-plugin-x-toast/Toast+UIView.h"; sourceTree = "<group>"; };
		CF67409A816B4935B555E3CA /* MessageUI.framework */ = {isa = PBXFileReference; explicitFileType = undefined; fileEncoding = 9; includeInIndex = 0; lastKnownFileType = wrapper.framework; name = MessageUI.framework; path = System/Library/Frameworks/MessageUI.framework; sourceTree = SDKROOT; };
		D070DEE45124491F971104D8 /* CDVDevice.h */ = {isa = PBXFileReference; explicitFileType = undefined; fileEncoding = 4; includeInIndex = 0; lastKnownFileType = sourcecode.c.h; name = CDVDevice.h; path = "cordova-plugin-device/CDVDevice.h"; sourceTree = "<group>"; };
		D1EFCD6FBA9B48A280583C7A /* BinaryResponseSerializer.m */ = {isa = PBXFileReference; explicitFileType = undefined; fileEncoding = 4; includeInIndex = 0; lastKnownFileType = sourcecode.c.objc; name = BinaryResponseSerializer.m; path = "cordova-plugin-advanced-http/BinaryResponseSerializer.m"; sourceTree = "<group>"; };
		D9CBD5674EC84CB39B537A69 /* CDVConnection.h */ = {isa = PBXFileReference; explicitFileType = undefined; fileEncoding = 4; includeInIndex = 0; lastKnownFileType = sourcecode.c.h; name = CDVConnection.h; path = "cordova-plugin-network-information/CDVConnection.h"; sourceTree = "<group>"; };
		DA0A2950767846C8B908E1B2 /* CDVWKInAppBrowser.h */ = {isa = PBXFileReference; explicitFileType = undefined; fileEncoding = 4; includeInIndex = 0; lastKnownFileType = sourcecode.c.h; name = CDVWKInAppBrowser.h; path = "cordova-plugin-inappbrowser/CDVWKInAppBrowser.h"; sourceTree = "<group>"; };
		DF8D0C1D79264EE390FA3685 /* SpeechRecognition.h */ = {isa = PBXFileReference; explicitFileType = undefined; fileEncoding = 4; includeInIndex = 0; lastKnownFileType = sourcecode.c.h; name = SpeechRecognition.h; path = "cordova-plugin-speechrecognition/SpeechRecognition.h"; sourceTree = "<group>"; };
		E0724A2D9FB448319869027B /* RMStore.m */ = {isa = PBXFileReference; explicitFileType = undefined; fileEncoding = 4; includeInIndex = 0; lastKnownFileType = sourcecode.c.objc; name = RMStore.m; path = "cordova-plugin-inapppurchase-2/RMStore.m"; sourceTree = "<group>"; };
		E42D39DCB6D517D49ABD687B /* Pods_CardioVisual.framework */ = {isa = PBXFileReference; explicitFileType = wrapper.framework; includeInIndex = 0; path = Pods_CardioVisual.framework; sourceTree = BUILT_PRODUCTS_DIR; };
		E555CD447DCD4D9EBF10B89E /* SocialSharing.m */ = {isa = PBXFileReference; explicitFileType = undefined; fileEncoding = 4; includeInIndex = 0; lastKnownFileType = sourcecode.c.objc; name = SocialSharing.m; path = "cordova-plugin-x-socialsharing/SocialSharing.m"; sourceTree = "<group>"; };
		EB87FDF31871DA8E0020F90C /* www */ = {isa = PBXFileReference; lastKnownFileType = folder; name = www; path = ../../www; sourceTree = "<group>"; };
		EB87FDF41871DAF40020F90C /* config.xml */ = {isa = PBXFileReference; lastKnownFileType = text.xml; name = config.xml; path = ../../config.xml; sourceTree = "<group>"; };
		ECC65E338A8E4916961D4911 /* CDVLocalFilesystem.h */ = {isa = PBXFileReference; explicitFileType = undefined; fileEncoding = 4; includeInIndex = 0; lastKnownFileType = sourcecode.c.h; name = CDVLocalFilesystem.h; path = "cordova-plugin-file/CDVLocalFilesystem.h"; sourceTree = "<group>"; };
		ED33DF2A687741AEAF9F8254 /* Bridging-Header.h */ = {isa = PBXFileReference; fileEncoding = 4; lastKnownFileType = sourcecode.c.h; path = "Bridging-Header.h"; sourceTree = "<group>"; };
		ED8B17E0AF3D43ACB8EDB24A /* CDVReachability.m */ = {isa = PBXFileReference; explicitFileType = undefined; fileEncoding = 4; includeInIndex = 0; lastKnownFileType = sourcecode.c.objc; name = CDVReachability.m; path = "cordova-plugin-network-information/CDVReachability.m"; sourceTree = "<group>"; };
		EF4A23D7AAE840E4A482B755 /* SQLitePlugin.h */ = {isa = PBXFileReference; explicitFileType = undefined; fileEncoding = 4; includeInIndex = 0; lastKnownFileType = sourcecode.c.h; name = SQLitePlugin.h; path = "cordova-sqlite-storage/SQLitePlugin.h"; sourceTree = "<group>"; };
		F2FA2FAA46354C29A6A27AD0 /* Social.framework */ = {isa = PBXFileReference; explicitFileType = undefined; fileEncoding = 9; includeInIndex = 0; lastKnownFileType = wrapper.framework; name = Social.framework; path = System/Library/Frameworks/Social.framework; sourceTree = SDKROOT; };
		F33E9964075E430CB3E851FF /* SM_AFURLSessionManager.m */ = {isa = PBXFileReference; explicitFileType = undefined; fileEncoding = 4; includeInIndex = 0; lastKnownFileType = sourcecode.c.objc; name = SM_AFURLSessionManager.m; path = "cordova-plugin-advanced-http/SM_AFURLSessionManager.m"; sourceTree = "<group>"; };
		F5DA7D3018F34AC9B9FB2DFC /* NativeStorage.h */ = {isa = PBXFileReference; explicitFileType = undefined; fileEncoding = 4; includeInIndex = 0; lastKnownFileType = sourcecode.c.h; name = NativeStorage.h; path = "cordova-plugin-nativestorage/NativeStorage.h"; sourceTree = "<group>"; };
		F63907075E074B08B110765E /* SDNetworkActivityIndicator.h */ = {isa = PBXFileReference; explicitFileType = undefined; fileEncoding = 4; includeInIndex = 0; lastKnownFileType = sourcecode.c.h; name = SDNetworkActivityIndicator.h; path = "cordova-plugin-advanced-http/SDNetworkActivityIndicator.h"; sourceTree = "<group>"; };
		F7DA3008AE4C4DE4BD18AF91 /* AuthenticationServices.framework */ = {isa = PBXFileReference; explicitFileType = undefined; fileEncoding = 9; includeInIndex = 0; lastKnownFileType = wrapper.framework; name = AuthenticationServices.framework; path = System/Library/Frameworks/AuthenticationServices.framework; sourceTree = SDKROOT; };
		F840E1F0165FE0F500CFE078 /* config.xml */ = {isa = PBXFileReference; lastKnownFileType = text.xml; name = config.xml; path = CardioVisual/config.xml; sourceTree = "<group>"; };
		FA84BB2124144BF1BB4BE44F /* CDVViewController+SplashScreen.m */ = {isa = PBXFileReference; explicitFileType = undefined; fileEncoding = 4; includeInIndex = 0; lastKnownFileType = sourcecode.c.objc; name = "CDVViewController+SplashScreen.m"; path = "cordova-plugin-splashscreen/CDVViewController+SplashScreen.m"; sourceTree = "<group>"; };
		FE0DBCA2DF914285B992782E /* AVFoundation.framework */ = {isa = PBXFileReference; explicitFileType = undefined; fileEncoding = 9; includeInIndex = 0; lastKnownFileType = wrapper.framework; name = AVFoundation.framework; path = System/Library/Frameworks/AVFoundation.framework; sourceTree = SDKROOT; };
/* End PBXFileReference section */

/* Begin PBXFrameworksBuildPhase section */
		1D60588F0D05DD3D006BFB54 /* Frameworks */ = {
			isa = PBXFrameworksBuildPhase;
			buildActionMask = 2147483647;
			files = (
				301BF552109A68D80062928A /* libCordova.a in Frameworks */,
				3B9B059779E044BCBCDC1085 /* Security.framework in Frameworks */,
				E8284C3567BB437DA0C96447 /* SystemConfiguration.framework in Frameworks */,
				ECC56F0CEAF44ED38D5ACFCB /* AudioToolbox.framework in Frameworks */,
				D8009D1F1AB0443992099840 /* StoreKit.framework in Frameworks */,
				7032462A7D6E955DAD383908 /* Pods_CardioVisual.framework in Frameworks */,
				883E7D5DFD8945ECA90F55BE /* Foundation.framework in Frameworks */,
				41DE46C15D2C4361AEB6DDC1 /* AVFoundation.framework in Frameworks */,
				4BA604FAE23E45899FF7E27B /* CoreMedia.framework in Frameworks */,
				215753ED370940B1BE0FDAC3 /* CoreData.framework in Frameworks */,
				95D1A331F53A42CC82B92F1B /* ImageIO.framework in Frameworks */,
				AA6CA935E9304AE1BE60D101 /* AdSupport.framework in Frameworks */,
				6085E888A43D47DE8874DD23 /* Photos.framework in Frameworks */,
				FE9768A4C0C943DF8A8200CD /* AddressBook.framework in Frameworks */,
				1BF3D2F7C00447D1A590799A /* CoreText.framework in Frameworks */,
				BCFBBF72DB4B4A00996C1C00 /* SafariServices.framework in Frameworks */,
				CC2570C3978748AD9939DAF3 /* libz.tbd in Frameworks */,
				F2E568B625CA4D54B88FE42F /* libz.dylib in Frameworks */,
				D2D0161C3FF84422B8FA7BEA /* WebKit.framework in Frameworks */,
				FBE188ABEC5E42FE8CF43BC4 /* CoreTelephony.framework in Frameworks */,
				C23A23A5BA304DB49AABCFC7 /* AuthenticationServices.framework in Frameworks */,
				9CC3F673E6D84A9588137552 /* Speech.framework in Frameworks */,
				E0ECB29A0CC9402DBAF24651 /* Social.framework in Frameworks */,
				BC8D8A83675E4E79BD3E0808 /* MessageUI.framework in Frameworks */,
				22D59DC2559D4B2FA2C57C3D /* QuartzCore.framework in Frameworks */,
			);
			runOnlyForDeploymentPostprocessing = 0;
		};
/* End PBXFrameworksBuildPhase section */

/* Begin PBXGroup section */
		080E96DDFE201D6D7F000001 /* Classes */ = {
			isa = PBXGroup;
			children = (
				302D95EE14D2391D003F00A1 /* MainViewController.h */,
				302D95EF14D2391D003F00A1 /* MainViewController.m */,
				302D95F014D2391D003F00A1 /* MainViewController.xib */,
				1D3623240D0F684500981E51 /* AppDelegate.h */,
				1D3623250D0F684500981E51 /* AppDelegate.m */,
			);
			name = Classes;
			path = CardioVisual/Classes;
			sourceTree = SOURCE_ROOT;
		};
		0CEC95DDD227A871358E75F0 /* Pods */ = {
			isa = PBXGroup;
			children = (
				7E5506A94D627AF3D6A1EE6C /* Pods-CardioVisual.debug.xcconfig */,
				381A7F179E9969FAFDE62814 /* Pods-CardioVisual.release.xcconfig */,
			);
			path = Pods;
			sourceTree = "<group>";
		};
		19C28FACFE9D520D11CA2CBB /* Products */ = {
			isa = PBXGroup;
			children = (
				1D6058910D05DD3D006BFB54 /* CardioVisual.app */,
			);
			name = Products;
			sourceTree = "<group>";
		};
		29B97314FDCFA39411CA2CEA /* CustomTemplate */ = {
			isa = PBXGroup;
			children = (
				EB87FDF41871DAF40020F90C /* config.xml */,
				EB87FDF31871DA8E0020F90C /* www */,
				EB87FDF11871DA420020F90C /* Staging */,
				301BF52D109A57CC0062928A /* CordovaLib.xcodeproj */,
				080E96DDFE201D6D7F000001 /* Classes */,
				307C750510C5A3420062BCA9 /* Plugins */,
				29B97315FDCFA39411CA2CEA /* Other Sources */,
				29B97317FDCFA39411CA2CEA /* Resources */,
				29B97323FDCFA39411CA2CEA /* Frameworks */,
				19C28FACFE9D520D11CA2CBB /* Products */,
				0CEC95DDD227A871358E75F0 /* Pods */,
			);
			name = CustomTemplate;
			sourceTree = "<group>";
		};
		29B97315FDCFA39411CA2CEA /* Other Sources */ = {
			isa = PBXGroup;
			children = (
				32CA4F630368D1EE00C91783 /* CardioVisual-Prefix.pch */,
				29B97316FDCFA39411CA2CEA /* main.m */,
				ED33DF2A687741AEAF9F8254 /* Bridging-Header.h */,
			);
			name = "Other Sources";
			path = CardioVisual;
			sourceTree = "<group>";
		};
		29B97317FDCFA39411CA2CEA /* Resources */ = {
			isa = PBXGroup;
			children = (
				0207DA571B56EA530066E2B4 /* Images.xcassets */,
				3047A50E1AB8057F00498E2A /* config */,
				8D1107310486CEB800E47090 /* CardioVisual-Info.plist */,
				6AFF5BF81D6E424B00AB3073 /* CDVLaunchScreen.storyboard */,
				73DD4EA4D39249818ED32C2F /* CDVNotification.bundle */,
				AE2DDB89279C4B148D21B6EA /* mute.caf */,
			);
			name = Resources;
			path = CardioVisual/Resources;
			sourceTree = "<group>";
		};
		29B97323FDCFA39411CA2CEA /* Frameworks */ = {
			isa = PBXGroup;
			children = (
				228DF2C6B1CE4E8BA9146921 /* Security.framework */,
				3FCF5792AFB948D299716FB0 /* SystemConfiguration.framework */,
				7456F5DBEFA6406380B58F88 /* AudioToolbox.framework */,
				A023541F11DD4BD0864BB311 /* StoreKit.framework */,
				E42D39DCB6D517D49ABD687B /* Pods_CardioVisual.framework */,
				16BDF03C7B0249FFA7602C33 /* Foundation.framework */,
				FE0DBCA2DF914285B992782E /* AVFoundation.framework */,
				57657714927C4F2BA227B011 /* CoreMedia.framework */,
				20C36DA9C47A4D4791AEB099 /* CoreData.framework */,
				5083F0BD36BC4EC98EC46D44 /* ImageIO.framework */,
				1E36DAECCCEA41349C90A0F3 /* AdSupport.framework */,
				3CC4BEA1F9A44F12B22D2C74 /* Photos.framework */,
				1F1D7564DA8449D88D84788B /* AddressBook.framework */,
				AA8A9E4B63124D0B88A442E4 /* CoreText.framework */,
				2B61952FE7BE45F599614D78 /* SafariServices.framework */,
				A00A2A7ED7CA45B9BC1AC04D /* libz.tbd */,
				9545B920341644699C358E22 /* libz.dylib */,
				6C3E07DF44A64334AC5F4E0D /* WebKit.framework */,
				5F0758B431194CEDBE87BE64 /* CoreTelephony.framework */,
				F7DA3008AE4C4DE4BD18AF91 /* AuthenticationServices.framework */,
				22AB1298781F41509CB17068 /* Speech.framework */,
				F2FA2FAA46354C29A6A27AD0 /* Social.framework */,
				CF67409A816B4935B555E3CA /* MessageUI.framework */,
				608D105A367448878BBFC8C3 /* QuartzCore.framework */,
			);
			name = Frameworks;
			sourceTree = "<group>";
		};
		301BF52E109A57CC0062928A /* Products */ = {
			isa = PBXGroup;
			children = (
				301BF535109A57CC0062928A /* libCordova.a */,
				907D8124214C687600058A10 /* Cordova.framework */,
			);
			name = Products;
			sourceTree = "<group>";
		};
		3047A50E1AB8057F00498E2A /* config */ = {
			isa = PBXGroup;
			children = (
				3047A50F1AB8059700498E2A /* build-debug.xcconfig */,
				3047A5101AB8059700498E2A /* build-release.xcconfig */,
				3047A5111AB8059700498E2A /* build.xcconfig */,
			);
			name = config;
			sourceTree = "<group>";
		};
		307C750510C5A3420062BCA9 /* Plugins */ = {
			isa = PBXGroup;
			children = (
				513B7F49032947AE93C7416B /* BranchSDK.m */,
				149C95D81DE042F5ABC77E23 /* AppDelegate+BranchSdk.m */,
				05CD818EFB6B40249C8863A5 /* BranchNPM.h */,
				8FD8C90226E14F8782948C00 /* BranchSDK.h */,
				91031B48CED2460196161A07 /* AppDelegate+CleverTapPlugin.m */,
				0DAEA5EADBB94A6EB4DCB272 /* CleverTapPlugin.m */,
				7A0F85422E974FF3B41F07A4 /* AppDelegate+CleverTapPlugin.h */,
				05FF28E0164B4B74AA5B3C6F /* CleverTapPlugin.h */,
				76C6947A52D44B30854AC29A /* Base64ToGallery.m */,
				7C8A2F2E22AB45109F09F765 /* Base64ToGallery.h */,
				B75158CEBC9C462EAE213D94 /* CDVFile.m */,
				CA2C367EC21F4CD58EA0986F /* CDVLocalFilesystem.m */,
				C2039FB9376E474E80124F10 /* CDVAssetLibraryFilesystem.m */,
				AA200059E67D4F42957B9B7B /* CDVFile.h */,
				ECC65E338A8E4916961D4911 /* CDVLocalFilesystem.h */,
				617D26131F4E4FD6AFEDDF5A /* CDVAssetLibraryFilesystem.h */,
				23C48891186742C2BD7D9E68 /* CordovaHttpPlugin.m */,
				10B331ADDDF448FEB7C67E24 /* BinaryRequestSerializer.m */,
				D1EFCD6FBA9B48A280583C7A /* BinaryResponseSerializer.m */,
				7052DD57282B4C42B4C618B9 /* TextResponseSerializer.m */,
				969C6F7D05614DFBB136D8DE /* TextRequestSerializer.m */,
				5E1BD937CA364C169978E4A6 /* SM_AFHTTPSessionManager.m */,
				9979F0979F5D424582080DC7 /* SM_AFNetworkReachabilityManager.m */,
				0BC02DAE6B914F3EBE27DFF7 /* SM_AFSecurityPolicy.m */,
				AD53CB400E414A73A6EE8EE2 /* SM_AFURLRequestSerialization.m */,
				7512A704AAC2467F8BC0FEEA /* SM_AFURLResponseSerialization.m */,
				F33E9964075E430CB3E851FF /* SM_AFURLSessionManager.m */,
				44B20333624041B48590D3F2 /* SDNetworkActivityIndicator.m */,
				00B67AC5BD604EDD8C33701E /* CordovaHttpPlugin.h */,
				8E9959920FF2448BAFE0A0DA /* BinaryRequestSerializer.h */,
				72EE1A8C084142F28ECAE824 /* BinaryResponseSerializer.h */,
				2C8BFF7310E14E2DBE1D878E /* TextResponseSerializer.h */,
				7C18B11EC5EA4624AD0EDDFC /* TextRequestSerializer.h */,
				32903CD33F294B13A94AF09B /* SM_AFHTTPSessionManager.h */,
				99805CBB34E049BCA3EB3617 /* SM_AFNetworking.h */,
				4B54CE2CE97747B8AA2E8BE0 /* SM_AFNetworkReachabilityManager.h */,
				2DFBD4147164430CB590082D /* SM_AFSecurityPolicy.h */,
				50162C95F6644367969CFC66 /* SM_AFURLRequestSerialization.h */,
				851ABC9D49604F4DA7E98DB3 /* SM_AFURLResponseSerialization.h */,
				3555E13306E149A0A7438ECE /* SM_AFURLSessionManager.h */,
				F63907075E074B08B110765E /* SDNetworkActivityIndicator.h */,
				1A7D91FFF2204DCCA0FDD68E /* AppVersion.m */,
				128F8B55C3994E31BBBE3EC0 /* AppVersion.h */,
				3168065D5D4C49C48005A08F /* CDVNotification.m */,
				AE349EF4C12D4C71915BD68C /* CDVNotification.h */,
				921F3D4049B545A7AAD29A01 /* NativeStorage.m */,
				F5DA7D3018F34AC9B9FB2DFC /* NativeStorage.h */,
				90B39B7E18FB452D90C6F64B /* CDVAppRate.m */,
				1ED74C33BBA74BE5AA0BCE0F /* CDVAppRate.h */,
				C9DE0B3FC6F2414E901C03FE /* CDVDevice.m */,
				D070DEE45124491F971104D8 /* CDVDevice.h */,
				A8B10E814F21487BB820BDA4 /* FacebookConnectPlugin.m */,
				8B7A9C315DF64E2589821360 /* FacebookConnectPlugin.h */,
				A49FB7CC391B4170A754E917 /* CDVFileTransfer.m */,
				056501B637A14C9286D881B1 /* CDVFileTransfer.h */,
				89C9086BEB3A4BDE8812BD78 /* FreshchatPlugin.m */,
				49ADD8241CDD46B093E52A71 /* FreshchatPlugin.h */,
				2478CF1CFFA5491B9D60D980 /* GooglePlus.m */,
				0A7E7CAC7CE3446CB02DDFDC /* GooglePlus.h */,
				885981FA554F481E97A0D1E9 /* CDVInAppBrowserOptions.m */,
				524D6ACF020E4659B6B60870 /* CDVInAppBrowserNavigationController.m */,
				AF18E99ED76744DF9E83E90E /* CDVWKInAppBrowser.m */,
				0DA910920132467188B1F4AC /* CDVWKInAppBrowserUIDelegate.m */,
				540694AEF1264C72B2039949 /* CDVInAppBrowserOptions.h */,
				6ECCDC6617474F7F97908656 /* CDVInAppBrowserNavigationController.h */,
				DA0A2950767846C8B908E1B2 /* CDVWKInAppBrowser.h */,
				92F63F4F1C00429090F6F3DB /* CDVWKInAppBrowserUIDelegate.h */,
				E0724A2D9FB448319869027B /* RMStore.m */,
				48BBA54142CA4EB497DAF8D5 /* PaymentsPlugin.m */,
				414BF23E95AF41029BD2CB83 /* RMStore.h */,
				6AEF1C3C47614F2BAF9D6D69 /* PaymentsPlugin.h */,
				3E541B40524D4C95AD2882AC /* CDVIonicKeyboard.m */,
				58BF065BD1CF40A680858C61 /* CDVIonicKeyboard.h */,
				CE040D3FB6EC42B2ABE471C5 /* CDVWKWebViewEngine.m */,
				05FEBFE600E743F49999B5CB /* CDVWKWebViewUIDelegate.m */,
				C1A298B48E304128959DE7C0 /* CDVWKProcessPoolFactory.m */,
				3B4DADEEB20C43228EE029AB /* IONAssetHandler.m */,
				71B7AF784A04461CABAA92C6 /* CDVWKWebViewEngine.h */,
				2DE554414DE84F2F9A6A1732 /* CDVWKWebViewUIDelegate.h */,
				7DFA0B3595D448959EE03D39 /* CDVWKProcessPoolFactory.h */,
				2268BD9C27E4439DB0FB87D3 /* IONAssetHandler.h */,
				459E53085379476497974831 /* CDVSpinnerDialog.m */,
				89876CDF7899465690B2A3C5 /* CDVSpinnerDialog.h */,
				0045B4123D924DBF840C6F0D /* CDVConnection.m */,
				ED8B17E0AF3D43ACB8EDB24A /* CDVReachability.m */,
				D9CBD5674EC84CB39B537A69 /* CDVConnection.h */,
				A220477557C844C38E375EAE /* CDVReachability.h */,
				5958C6611E164A979071BA5B /* QRScanner.swift */,
				7587D37EEA50402AAB11C22D /* CDVOrientation.m */,
				7A3F45771A874B159C8C96C2 /* CDVOrientation.h */,
				7FC1DFD24CDC4B9A91CEF4C5 /* SignInWithApple.h */,
				7EFF140FE85941D9ADE40D3B /* SignInWithApple.m */,
				59777956A6454C81B9D0564C /* SpeechRecognition.m */,
				DF8D0C1D79264EE390FA3685 /* SpeechRecognition.h */,
				34BF92CABB214A8492FDDA84 /* CDVSplashScreen.m */,
				FA84BB2124144BF1BB4BE44F /* CDVViewController+SplashScreen.m */,
				07AFCA04FB8F441E80725A40 /* CDVSplashScreen.h */,
				23A7960866FB40A58B8B2F8B /* CDVViewController+SplashScreen.h */,
				5FA8D7F0AACD48D0B1C1BD72 /* CDVStatusBar.m */,
				3BFE16D7E51A4757AF1018C8 /* CDVStatusBar.h */,
				C69BB2A72164423EB6FC5FA2 /* NSString+SSURLEncoding.m */,
				E555CD447DCD4D9EBF10B89E /* SocialSharing.m */,
				01D1E0CC1E374A10A90F5CC0 /* NSString+SSURLEncoding.h */,
				CD47CE8922E843C19309879C /* SocialSharing.h */,
				347F90659E3846A491BFAE8D /* Toast+UIView.m */,
				8AB5933BD312419384C98B99 /* Toast.m */,
				CF04958C0F1649FCAC5F38B6 /* Toast+UIView.h */,
				9E081E7DC6614CC882645B1B /* Toast.h */,
				AF87CE73EC874DFBBDC66B54 /* SharkfoodMuteSwitchDetector.m */,
				985E4F1BB80B432CB5AC1FFB /* CDVSilentModePlugin.m */,
				5AACD89140954BEA9F841618 /* SharkfoodMuteSwitchDetector.h */,
				CE2E7C26AC884BCD819EB6C3 /* CDVSilentModePlugin.h */,
				9330C7C5AD6B41B0957FB330 /* SQLitePlugin.m */,
				7D55C072A6A2435CB68C4E56 /* CustomPSPDFThreadSafeMutableDictionary.m */,
				1A6CD9A8871C4D1FB5A8AC87 /* sqlite3.c */,
				EF4A23D7AAE840E4A482B755 /* SQLitePlugin.h */,
				AC66C6814C4A45B7881CB585 /* sqlite3.h */,
				1882A20985914A55B035D86A /* CFCallNumber.m */,
				4B9DCCE928164227B2BD30B4 /* CFCallNumber.h */,
				3D0A4DC6A905449AB9CDF3EC /* OneSignalPush.m */,
				AD77A191D75048F7985CB8D2 /* OneSignalPush.h */,
			);
			name = Plugins;
			path = CardioVisual/Plugins;
			sourceTree = SOURCE_ROOT;
		};
		EB87FDF11871DA420020F90C /* Staging */ = {
			isa = PBXGroup;
			children = (
				F840E1F0165FE0F500CFE078 /* config.xml */,
				301BF56E109A69640062928A /* www */,
			);
			name = Staging;
			sourceTree = "<group>";
		};
/* End PBXGroup section */

/* Begin PBXNativeTarget section */
		1D6058900D05DD3D006BFB54 /* CardioVisual */ = {
			isa = PBXNativeTarget;
			buildConfigurationList = 1D6058960D05DD3E006BFB54 /* Build configuration list for PBXNativeTarget "CardioVisual" */;
			buildPhases = (
				E294FF329C95D77843C8290E /* [CP] Check Pods Manifest.lock */,
				304B58A110DAC018002A0835 /* Copy www directory */,
				1D60588D0D05DD3D006BFB54 /* Resources */,
				1D60588E0D05DD3D006BFB54 /* Sources */,
				1D60588F0D05DD3D006BFB54 /* Frameworks */,
				EEB2773CD2150D6841701408 /* [CP] Embed Pods Frameworks */,
				4496F4ED777F3E3912DE6317 /* [CP] Copy Pods Resources */,
			);
			buildRules = (
			);
			dependencies = (
				301BF551109A68C00062928A /* PBXTargetDependency */,
			);
			name = CardioVisual;
			productName = CardioVisual;
			productReference = 1D6058910D05DD3D006BFB54 /* CardioVisual.app */;
			productType = "com.apple.product-type.application";
		};
/* End PBXNativeTarget section */

/* Begin PBXProject section */
		29B97313FDCFA39411CA2CEA /* Project object */ = {
			isa = PBXProject;
			attributes = {
				LastUpgradeCheck = 1130;
				TargetAttributes = {
					1D6058900D05DD3D006BFB54 = {
						ProvisioningStyle = Automatic;
					};
				};
			};
			buildConfigurationList = C01FCF4E08A954540054247B /* Build configuration list for PBXProject "CardioVisual" */;
			compatibilityVersion = "Xcode 11.0";
			developmentRegion = en;
			hasScannedForEncodings = 1;
			knownRegions = (
				en,
				Base,
			);
			mainGroup = 29B97314FDCFA39411CA2CEA /* CustomTemplate */;
			productRefGroup = 19C28FACFE9D520D11CA2CBB /* Products */;
			projectDirPath = "";
			projectReferences = (
				{
					ProductGroup = 301BF52E109A57CC0062928A /* Products */;
					ProjectRef = 301BF52D109A57CC0062928A /* CordovaLib.xcodeproj */;
				},
			);
			projectRoot = "";
			targets = (
				1D6058900D05DD3D006BFB54 /* CardioVisual */,
			);
		};
/* End PBXProject section */

/* Begin PBXReferenceProxy section */
		301BF535109A57CC0062928A /* libCordova.a */ = {
			isa = PBXReferenceProxy;
			fileType = archive.ar;
			path = libCordova.a;
			remoteRef = 301BF534109A57CC0062928A /* PBXContainerItemProxy */;
			sourceTree = BUILT_PRODUCTS_DIR;
		};
		907D8124214C687600058A10 /* Cordova.framework */ = {
			isa = PBXReferenceProxy;
			fileType = wrapper.framework;
			path = Cordova.framework;
			remoteRef = 907D8123214C687600058A10 /* PBXContainerItemProxy */;
			sourceTree = BUILT_PRODUCTS_DIR;
		};
/* End PBXReferenceProxy section */

/* Begin PBXResourcesBuildPhase section */
		1D60588D0D05DD3D006BFB54 /* Resources */ = {
			isa = PBXResourcesBuildPhase;
			buildActionMask = 2147483647;
			files = (
				302D95F214D2391D003F00A1 /* MainViewController.xib in Resources */,
				0207DA581B56EA530066E2B4 /* Images.xcassets in Resources */,
				6AFF5BF91D6E424B00AB3073 /* CDVLaunchScreen.storyboard in Resources */,
				AC39468EAAE14FB3BCCA08DA /* CDVNotification.bundle in Resources */,
				2F383457B7D142029A85D182 /* mute.caf in Resources */,
			);
			runOnlyForDeploymentPostprocessing = 0;
		};
/* End PBXResourcesBuildPhase section */

/* Begin PBXShellScriptBuildPhase section */
		304B58A110DAC018002A0835 /* Copy www directory */ = {
			isa = PBXShellScriptBuildPhase;
			buildActionMask = 2147483647;
			files = (
			);
			inputPaths = (
			);
			name = "Copy www directory";
			outputPaths = (
			);
			runOnlyForDeploymentPostprocessing = 0;
			shellPath = /bin/sh;
			shellScript = "\"$SRCROOT/CardioVisual/Scripts/copy-www-build-step.sh\"";
			showEnvVarsInLog = 0;
		};
		4496F4ED777F3E3912DE6317 /* [CP] Copy Pods Resources */ = {
			isa = PBXShellScriptBuildPhase;
			buildActionMask = 2147483647;
			files = (
			);
			inputFileListPaths = (
				"${PODS_ROOT}/Target Support Files/Pods-CardioVisual/Pods-CardioVisual-resources-${CONFIGURATION}-input-files.xcfilelist",
			);
			name = "[CP] Copy Pods Resources";
			outputFileListPaths = (
				"${PODS_ROOT}/Target Support Files/Pods-CardioVisual/Pods-CardioVisual-resources-${CONFIGURATION}-output-files.xcfilelist",
			);
			runOnlyForDeploymentPostprocessing = 0;
			shellPath = /bin/sh;
			shellScript = "\"${PODS_ROOT}/Target Support Files/Pods-CardioVisual/Pods-CardioVisual-resources.sh\"\n";
			showEnvVarsInLog = 0;
		};
		E294FF329C95D77843C8290E /* [CP] Check Pods Manifest.lock */ = {
			isa = PBXShellScriptBuildPhase;
			buildActionMask = 2147483647;
			files = (
			);
			inputFileListPaths = (
			);
			inputPaths = (
				"${PODS_PODFILE_DIR_PATH}/Podfile.lock",
				"${PODS_ROOT}/Manifest.lock",
			);
			name = "[CP] Check Pods Manifest.lock";
			outputFileListPaths = (
			);
			outputPaths = (
				"$(DERIVED_FILE_DIR)/Pods-CardioVisual-checkManifestLockResult.txt",
			);
			runOnlyForDeploymentPostprocessing = 0;
			shellPath = /bin/sh;
			shellScript = "diff \"${PODS_PODFILE_DIR_PATH}/Podfile.lock\" \"${PODS_ROOT}/Manifest.lock\" > /dev/null\nif [ $? != 0 ] ; then\n    # print error to STDERR\n    echo \"error: The sandbox is not in sync with the Podfile.lock. Run 'pod install' or update your CocoaPods installation.\" >&2\n    exit 1\nfi\n# This output is used by Xcode 'outputs' to avoid re-running this script phase.\necho \"SUCCESS\" > \"${SCRIPT_OUTPUT_FILE_0}\"\n";
			showEnvVarsInLog = 0;
		};
		EEB2773CD2150D6841701408 /* [CP] Embed Pods Frameworks */ = {
			isa = PBXShellScriptBuildPhase;
			buildActionMask = 2147483647;
			files = (
			);
			inputFileListPaths = (
				"${PODS_ROOT}/Target Support Files/Pods-CardioVisual/Pods-CardioVisual-frameworks-${CONFIGURATION}-input-files.xcfilelist",
			);
			name = "[CP] Embed Pods Frameworks";
			outputFileListPaths = (
				"${PODS_ROOT}/Target Support Files/Pods-CardioVisual/Pods-CardioVisual-frameworks-${CONFIGURATION}-output-files.xcfilelist",
			);
			runOnlyForDeploymentPostprocessing = 0;
			shellPath = /bin/sh;
			shellScript = "\"${PODS_ROOT}/Target Support Files/Pods-CardioVisual/Pods-CardioVisual-frameworks.sh\"\n";
			showEnvVarsInLog = 0;
		};
/* End PBXShellScriptBuildPhase section */

/* Begin PBXSourcesBuildPhase section */
		1D60588E0D05DD3D006BFB54 /* Sources */ = {
			isa = PBXSourcesBuildPhase;
			buildActionMask = 2147483647;
			files = (
				1D60589B0D05DD56006BFB54 /* main.m in Sources */,
				1D3623260D0F684500981E51 /* AppDelegate.m in Sources */,
				302D95F114D2391D003F00A1 /* MainViewController.m in Sources */,
				21CE5630D480418BA045531D /* BranchSDK.m in Sources */,
				A236263D7CDC4E5BA7A1DBD2 /* AppDelegate+BranchSdk.m in Sources */,
				09790F15157E41ADB4E3857C /* AppDelegate+CleverTapPlugin.m in Sources */,
				6585005CCDC442A0ABDC00E3 /* CleverTapPlugin.m in Sources */,
				848B44677C7E4B0AB993B554 /* Base64ToGallery.m in Sources */,
				F89022B1FD1B484BBA5B7A9D /* CDVFile.m in Sources */,
				29A7302675BF43709DA22C49 /* CDVLocalFilesystem.m in Sources */,
				7AC3EB49FB8E4079AB91E8BB /* CDVAssetLibraryFilesystem.m in Sources */,
				6C4A050EDC9149B78A1C73CB /* CordovaHttpPlugin.m in Sources */,
				66FFFA6582F8447A95E7D305 /* BinaryRequestSerializer.m in Sources */,
				B0BF0FE5AFE44ED49F25FAD6 /* BinaryResponseSerializer.m in Sources */,
				CC210DBC08A8488FBE74CF1B /* TextResponseSerializer.m in Sources */,
				8F6093F8938345E19AC4C319 /* TextRequestSerializer.m in Sources */,
				89CA585FB12841E491F093BB /* SM_AFHTTPSessionManager.m in Sources */,
				9E687FD37F88407DB2920818 /* SM_AFNetworkReachabilityManager.m in Sources */,
				90F470033FED450E9F0A5A03 /* SM_AFSecurityPolicy.m in Sources */,
				657475BBD091496C8E44FFE0 /* SM_AFURLRequestSerialization.m in Sources */,
				78E4FE87A83546728AE7965D /* SM_AFURLResponseSerialization.m in Sources */,
				A93672019DFB414DA726330A /* SM_AFURLSessionManager.m in Sources */,
				A5FA574C5184413CB32CD6AC /* SDNetworkActivityIndicator.m in Sources */,
				57A89EA97B464F2989FB0DF1 /* AppVersion.m in Sources */,
				BC34050AE6684676AC4CA5C2 /* CDVNotification.m in Sources */,
				2DBA3D4CCD49473192A363D4 /* NativeStorage.m in Sources */,
				40C9C2E3927B4FFB838AFA78 /* CDVAppRate.m in Sources */,
				3E0697955B214B7FBDCBCBAE /* CDVDevice.m in Sources */,
				9F58FCE76FEF4D4EAC07C1C1 /* FacebookConnectPlugin.m in Sources */,
				8D018BC5A5314733A2E725B6 /* CDVFileTransfer.m in Sources */,
				25A3EBA965B14EC7B83D9B23 /* FreshchatPlugin.m in Sources */,
				826B016B4C4A4A309C6133D2 /* GooglePlus.m in Sources */,
				0082E05450AA46CB8AAF15D0 /* CDVInAppBrowserOptions.m in Sources */,
				030A97230C494EE6BD62B0A4 /* CDVInAppBrowserNavigationController.m in Sources */,
				C5AE67A09C644C4CA71E03D8 /* CDVWKInAppBrowser.m in Sources */,
				917CEFC1BED9453DAEF236E7 /* CDVWKInAppBrowserUIDelegate.m in Sources */,
				329818BBDF5F48E3BC30C02E /* RMStore.m in Sources */,
				6EC10C80B51E4DC7BF03DCCD /* PaymentsPlugin.m in Sources */,
				88E3AD6EC1BB45968420F875 /* CDVIonicKeyboard.m in Sources */,
				DA86026B71894FC7B0B853E8 /* CDVWKWebViewEngine.m in Sources */,
				0F88B6DC007542A2A536E386 /* CDVWKWebViewUIDelegate.m in Sources */,
				536BB6F51273446C97574CD7 /* CDVWKProcessPoolFactory.m in Sources */,
				15D289FBFC064E3A8A276503 /* IONAssetHandler.m in Sources */,
				B5E55C0BAB284C72AD6B5DB0 /* CDVSpinnerDialog.m in Sources */,
				1F364C57B8A044689B397FF1 /* CDVConnection.m in Sources */,
				FE87E801FFE14FB2BCC48055 /* CDVReachability.m in Sources */,
				45ECA8CFD26649529A6E21C7 /* QRScanner.swift in Sources */,
				7671E298F805412CA2EFC414 /* CDVOrientation.m in Sources */,
				0091F588F76447789767DF96 /* SignInWithApple.h in Sources */,
				99CF540EB0C241FAAE36C6DA /* SignInWithApple.m in Sources */,
				1EDE453C089D44629886CA63 /* SpeechRecognition.m in Sources */,
				1FEB4D7FC3404C82A0131C44 /* CDVSplashScreen.m in Sources */,
				E1860B85326B41C08541EC47 /* CDVViewController+SplashScreen.m in Sources */,
				922B4377646043D5A49EA257 /* CDVStatusBar.m in Sources */,
				C66BAE9547064B6EB1027E0A /* NSString+SSURLEncoding.m in Sources */,
				0151DF0137E84B74B1C7C87C /* SocialSharing.m in Sources */,
				7C0F7370ACE24366B52CD90B /* Toast+UIView.m in Sources */,
				A97789EA26EA48D5BEF25208 /* Toast.m in Sources */,
				D1216450F3234771B15FCFAC /* SharkfoodMuteSwitchDetector.m in Sources */,
				93A095766EDB4781938569A3 /* CDVSilentModePlugin.m in Sources */,
				6EFA38458CE0423FBAC2A254 /* SQLitePlugin.m in Sources */,
				4125619102E141CFB1828CEF /* CustomPSPDFThreadSafeMutableDictionary.m in Sources */,
				CDEC7631EDD3485697F69F79 /* sqlite3.c in Sources */,
				B8BDC71481C348C9B2811136 /* CFCallNumber.m in Sources */,
				E7FFA67FACC8474E87300B72 /* OneSignalPush.m in Sources */,
			);
			runOnlyForDeploymentPostprocessing = 0;
		};
/* End PBXSourcesBuildPhase section */

/* Begin PBXTargetDependency section */
		301BF551109A68C00062928A /* PBXTargetDependency */ = {
			isa = PBXTargetDependency;
			name = CordovaLib;
			targetProxy = 301BF550109A68C00062928A /* PBXContainerItemProxy */;
		};
/* End PBXTargetDependency section */

/* Begin XCBuildConfiguration section */
		1D6058940D05DD3E006BFB54 /* Debug */ = {
			isa = XCBuildConfiguration;
			baseConfigurationReference = 3047A50F1AB8059700498E2A /* build-debug.xcconfig */;
			buildSettings = {
				ALWAYS_SEARCH_USER_PATHS = NO;
				ASSETCATALOG_COMPILER_APPICON_NAME = AppIcon;
				CLANG_ENABLE_MODULES = YES;
				CLANG_ENABLE_OBJC_ARC = YES;
				COPY_PHASE_STRIP = NO;
				GCC_DYNAMIC_NO_PIC = NO;
				GCC_OPTIMIZATION_LEVEL = 0;
				GCC_PRECOMPILE_PREFIX_HEADER = YES;
				GCC_PREFIX_HEADER = "CardioVisual/CardioVisual-Prefix.pch";
				GCC_THUMB_SUPPORT = NO;
				GCC_VERSION = "";
				INFOPLIST_FILE = "CardioVisual/CardioVisual-Info.plist";
				IPHONEOS_DEPLOYMENT_TARGET = 11.0;
				LD_RUNPATH_SEARCH_PATHS = "@executable_path/Frameworks";
				PRODUCT_BUNDLE_IDENTIFIER = "com.cardio-visual.Cardio-Visual-Lite";
				PRODUCT_NAME = "$(TARGET_NAME)";
				SWIFT_VERSION = 4.0;
				TARGETED_DEVICE_FAMILY = "1,2";
				VALIDATE_WORKSPACE = NO;
			};
			name = Debug;
		};
		1D6058950D05DD3E006BFB54 /* Release */ = {
			isa = XCBuildConfiguration;
			baseConfigurationReference = 3047A5101AB8059700498E2A /* build-release.xcconfig */;
			buildSettings = {
				ALWAYS_SEARCH_USER_PATHS = NO;
				ASSETCATALOG_COMPILER_APPICON_NAME = AppIcon;
				CLANG_ENABLE_MODULES = YES;
				CLANG_ENABLE_OBJC_ARC = YES;
				CODE_SIGN_IDENTITY = "iPhone Developer";
				COPY_PHASE_STRIP = YES;
				GCC_PRECOMPILE_PREFIX_HEADER = YES;
				GCC_PREFIX_HEADER = "CardioVisual/CardioVisual-Prefix.pch";
				GCC_THUMB_SUPPORT = NO;
				GCC_VERSION = "";
				INFOPLIST_FILE = "CardioVisual/CardioVisual-Info.plist";
				IPHONEOS_DEPLOYMENT_TARGET = 11.0;
				LD_RUNPATH_SEARCH_PATHS = "@executable_path/Frameworks";
				ONLY_ACTIVE_ARCH = NO;
				PRODUCT_BUNDLE_IDENTIFIER = "com.cardio-visual.Cardio-Visual-Lite";
				PRODUCT_NAME = "$(TARGET_NAME)";
				SWIFT_VERSION = 4.0;
				TARGETED_DEVICE_FAMILY = "1,2";
				VALIDATE_WORKSPACE = NO;
			};
			name = Release;
		};
		C01FCF4F08A954540054247B /* Debug */ = {
			isa = XCBuildConfiguration;
			baseConfigurationReference = 3047A5111AB8059700498E2A /* build.xcconfig */;
			buildSettings = {
				CLANG_ANALYZER_LOCALIZABILITY_NONLOCALIZED = YES;
				CLANG_ENABLE_MODULES = YES;
				CLANG_ENABLE_OBJC_ARC = YES;
				CLANG_WARN_BLOCK_CAPTURE_AUTORELEASING = YES;
				CLANG_WARN_BOOL_CONVERSION = YES;
				CLANG_WARN_COMMA = YES;
				CLANG_WARN_CONSTANT_CONVERSION = YES;
				CLANG_WARN_DEPRECATED_OBJC_IMPLEMENTATIONS = YES;
				CLANG_WARN_EMPTY_BODY = YES;
				CLANG_WARN_ENUM_CONVERSION = YES;
				CLANG_WARN_INFINITE_RECURSION = YES;
				CLANG_WARN_INT_CONVERSION = YES;
				CLANG_WARN_NON_LITERAL_NULL_CONVERSION = YES;
				CLANG_WARN_OBJC_IMPLICIT_RETAIN_SELF = YES;
				CLANG_WARN_OBJC_LITERAL_CONVERSION = YES;
				CLANG_WARN_RANGE_LOOP_ANALYSIS = YES;
				CLANG_WARN_STRICT_PROTOTYPES = YES;
				CLANG_WARN_SUSPICIOUS_MOVE = YES;
				CLANG_WARN_UNREACHABLE_CODE = YES;
				CLANG_WARN__DUPLICATE_METHOD_MATCH = YES;
				ENABLE_STRICT_OBJC_MSGSEND = YES;
				ENABLE_TESTABILITY = YES;
				GCC_C_LANGUAGE_STANDARD = c99;
				GCC_NO_COMMON_BLOCKS = YES;
				GCC_THUMB_SUPPORT = NO;
				GCC_VERSION = "";
				GCC_WARN_64_TO_32_BIT_CONVERSION = YES;
				GCC_WARN_ABOUT_RETURN_TYPE = YES;
				GCC_WARN_UNDECLARED_SELECTOR = YES;
				GCC_WARN_UNINITIALIZED_AUTOS = YES;
				GCC_WARN_UNUSED_FUNCTION = YES;
				GCC_WARN_UNUSED_VARIABLE = YES;
				IPHONEOS_DEPLOYMENT_TARGET = 11.0;
				ONLY_ACTIVE_ARCH = YES;
				SDKROOT = iphoneos;
				SKIP_INSTALL = NO;
				WK_WEB_VIEW_ONLY = 1;
			};
			name = Debug;
		};
		C01FCF5008A954540054247B /* Release */ = {
			isa = XCBuildConfiguration;
			baseConfigurationReference = 3047A5111AB8059700498E2A /* build.xcconfig */;
			buildSettings = {
				CLANG_ANALYZER_LOCALIZABILITY_NONLOCALIZED = YES;
				CLANG_ENABLE_MODULES = YES;
				CLANG_ENABLE_OBJC_ARC = YES;
				CLANG_WARN_BLOCK_CAPTURE_AUTORELEASING = YES;
				CLANG_WARN_BOOL_CONVERSION = YES;
				CLANG_WARN_COMMA = YES;
				CLANG_WARN_CONSTANT_CONVERSION = YES;
				CLANG_WARN_DEPRECATED_OBJC_IMPLEMENTATIONS = YES;
				CLANG_WARN_EMPTY_BODY = YES;
				CLANG_WARN_ENUM_CONVERSION = YES;
				CLANG_WARN_INFINITE_RECURSION = YES;
				CLANG_WARN_INT_CONVERSION = YES;
				CLANG_WARN_NON_LITERAL_NULL_CONVERSION = YES;
				CLANG_WARN_OBJC_IMPLICIT_RETAIN_SELF = YES;
				CLANG_WARN_OBJC_LITERAL_CONVERSION = YES;
				CLANG_WARN_RANGE_LOOP_ANALYSIS = YES;
				CLANG_WARN_STRICT_PROTOTYPES = YES;
				CLANG_WARN_SUSPICIOUS_MOVE = YES;
				CLANG_WARN_UNREACHABLE_CODE = YES;
				CLANG_WARN__DUPLICATE_METHOD_MATCH = YES;
				ENABLE_STRICT_OBJC_MSGSEND = YES;
				GCC_C_LANGUAGE_STANDARD = c99;
				GCC_NO_COMMON_BLOCKS = YES;
				GCC_THUMB_SUPPORT = NO;
				GCC_VERSION = "";
				GCC_WARN_64_TO_32_BIT_CONVERSION = YES;
				GCC_WARN_ABOUT_RETURN_TYPE = YES;
				GCC_WARN_UNDECLARED_SELECTOR = YES;
				GCC_WARN_UNINITIALIZED_AUTOS = YES;
				GCC_WARN_UNUSED_FUNCTION = YES;
				GCC_WARN_UNUSED_VARIABLE = YES;
				IPHONEOS_DEPLOYMENT_TARGET = 11.0;
				SDKROOT = iphoneos;
				SKIP_INSTALL = NO;
				WK_WEB_VIEW_ONLY = 1;
			};
			name = Release;
		};
/* End XCBuildConfiguration section */

/* Begin XCConfigurationList section */
		1D6058960D05DD3E006BFB54 /* Build configuration list for PBXNativeTarget "CardioVisual" */ = {
			isa = XCConfigurationList;
			buildConfigurations = (
				1D6058940D05DD3E006BFB54 /* Debug */,
				1D6058950D05DD3E006BFB54 /* Release */,
			);
			defaultConfigurationIsVisible = 0;
			defaultConfigurationName = Release;
		};
		C01FCF4E08A954540054247B /* Build configuration list for PBXProject "CardioVisual" */ = {
			isa = XCConfigurationList;
			buildConfigurations = (
				C01FCF4F08A954540054247B /* Debug */,
				C01FCF5008A954540054247B /* Release */,
			);
			defaultConfigurationIsVisible = 0;
			defaultConfigurationName = Release;
		};
/* End XCConfigurationList section */
	};
	rootObject = 29B97313FDCFA39411CA2CEA /* Project object */;
}
